// !$*UTF8*$!
{
	archiveVersion = 1;
	classes = {
	};
	objectVersion = 46;
	objects = {

/* Begin PBXBuildFile section */
		6E375B0F16A0A0E000503F90 /* UIKit.framework in Frameworks */ = {isa = PBXBuildFile; fileRef = 6E375B0E16A0A0E000503F90 /* UIKit.framework */; };
		6E375B1116A0A0E000503F90 /* Foundation.framework in Frameworks */ = {isa = PBXBuildFile; fileRef = 6E375B1016A0A0E000503F90 /* Foundation.framework */; };
		6E375B1316A0A0E000503F90 /* CoreGraphics.framework in Frameworks */ = {isa = PBXBuildFile; fileRef = 6E375B1216A0A0E000503F90 /* CoreGraphics.framework */; };
		6E375B1516A0A0E000503F90 /* GLKit.framework in Frameworks */ = {isa = PBXBuildFile; fileRef = 6E375B1416A0A0E000503F90 /* GLKit.framework */; };
		6E375B1716A0A0E000503F90 /* OpenGLES.framework in Frameworks */ = {isa = PBXBuildFile; fileRef = 6E375B1616A0A0E000503F90 /* OpenGLES.framework */; };
		6E375B1D16A0A0E000503F90 /* InfoPlist.strings in Resources */ = {isa = PBXBuildFile; fileRef = 6E375B1B16A0A0E000503F90 /* InfoPlist.strings */; };
		6E375B1F16A0A0E000503F90 /* main.m in Sources */ = {isa = PBXBuildFile; fileRef = 6E375B1E16A0A0E000503F90 /* main.m */; };
		6E375B2316A0A0E000503F90 /* IPaAppDelegate.m in Sources */ = {isa = PBXBuildFile; fileRef = 6E375B2216A0A0E000503F90 /* IPaAppDelegate.m */; };
		6E375B2516A0A0E000503F90 /* Default.png in Resources */ = {isa = PBXBuildFile; fileRef = 6E375B2416A0A0E000503F90 /* Default.png */; };
		6E375B2716A0A0E000503F90 /* Default@2x.png in Resources */ = {isa = PBXBuildFile; fileRef = 6E375B2616A0A0E000503F90 /* Default@2x.png */; };
		6E375B2916A0A0E000503F90 /* Default-568h@2x.png in Resources */ = {isa = PBXBuildFile; fileRef = 6E375B2816A0A0E000503F90 /* Default-568h@2x.png */; };
		6E375B2C16A0A0E000503F90 /* MainStoryboard.storyboard in Resources */ = {isa = PBXBuildFile; fileRef = 6E375B2A16A0A0E000503F90 /* MainStoryboard.storyboard */; };
		6E375B2E16A0A0E000503F90 /* Shader.fsh in Resources */ = {isa = PBXBuildFile; fileRef = 6E375B2D16A0A0E000503F90 /* Shader.fsh */; };
		6E375B3016A0A0E000503F90 /* Shader.vsh in Resources */ = {isa = PBXBuildFile; fileRef = 6E375B2F16A0A0E000503F90 /* Shader.vsh */; };
		6E375B3316A0A0E000503F90 /* IPaViewController.m in Sources */ = {isa = PBXBuildFile; fileRef = 6E375B3216A0A0E000503F90 /* IPaViewController.m */; };
		6E375B3D16A0A11600503F90 /* texture.png in Resources */ = {isa = PBXBuildFile; fileRef = 6E375B3916A0A11600503F90 /* texture.png */; };
		6E375B3E16A0A11600503F90 /* texture2.png in Resources */ = {isa = PBXBuildFile; fileRef = 6E375B3A16A0A11600503F90 /* texture2.png */; };
		6E375B3F16A0A11600503F90 /* uvcube2.mtl in Resources */ = {isa = PBXBuildFile; fileRef = 6E375B3B16A0A11600503F90 /* uvcube2.mtl */; };
		6E375B4016A0A11600503F90 /* uvcube2.obj in Resources */ = {isa = PBXBuildFile; fileRef = 6E375B3C16A0A11600503F90 /* uvcube2.obj */; };
		6E375B4416A0A12F00503F90 /* libIPaWavefrontObject.a in Frameworks */ = {isa = PBXBuildFile; fileRef = 6E375B4316A0A12F00503F90 /* libIPaWavefrontObject.a */; };
/* End PBXBuildFile section */

/* Begin PBXFileReference section */
		6E375B0A16A0A0E000503F90 /* IPaWavefrontObjectSample.app */ = {isa = PBXFileReference; explicitFileType = wrapper.application; includeInIndex = 0; path = IPaWavefrontObjectSample.app; sourceTree = BUILT_PRODUCTS_DIR; };
		6E375B0E16A0A0E000503F90 /* UIKit.framework */ = {isa = PBXFileReference; lastKnownFileType = wrapper.framework; name = UIKit.framework; path = System/Library/Frameworks/UIKit.framework; sourceTree = SDKROOT; };
		6E375B1016A0A0E000503F90 /* Foundation.framework */ = {isa = PBXFileReference; lastKnownFileType = wrapper.framework; name = Foundation.framework; path = System/Library/Frameworks/Foundation.framework; sourceTree = SDKROOT; };
		6E375B1216A0A0E000503F90 /* CoreGraphics.framework */ = {isa = PBXFileReference; lastKnownFileType = wrapper.framework; name = CoreGraphics.framework; path = System/Library/Frameworks/CoreGraphics.framework; sourceTree = SDKROOT; };
		6E375B1416A0A0E000503F90 /* GLKit.framework */ = {isa = PBXFileReference; lastKnownFileType = wrapper.framework; name = GLKit.framework; path = System/Library/Frameworks/GLKit.framework; sourceTree = SDKROOT; };
		6E375B1616A0A0E000503F90 /* OpenGLES.framework */ = {isa = PBXFileReference; lastKnownFileType = wrapper.framework; name = OpenGLES.framework; path = System/Library/Frameworks/OpenGLES.framework; sourceTree = SDKROOT; };
		6E375B1A16A0A0E000503F90 /* IPaWavefrontObjectSample-Info.plist */ = {isa = PBXFileReference; lastKnownFileType = text.plist.xml; path = "IPaWavefrontObjectSample-Info.plist"; sourceTree = "<group>"; };
		6E375B1C16A0A0E000503F90 /* en */ = {isa = PBXFileReference; lastKnownFileType = text.plist.strings; name = en; path = en.lproj/InfoPlist.strings; sourceTree = "<group>"; };
		6E375B1E16A0A0E000503F90 /* main.m */ = {isa = PBXFileReference; lastKnownFileType = sourcecode.c.objc; path = main.m; sourceTree = "<group>"; };
		6E375B2016A0A0E000503F90 /* IPaWavefrontObjectSample-Prefix.pch */ = {isa = PBXFileReference; lastKnownFileType = sourcecode.c.h; path = "IPaWavefrontObjectSample-Prefix.pch"; sourceTree = "<group>"; };
		6E375B2116A0A0E000503F90 /* IPaAppDelegate.h */ = {isa = PBXFileReference; lastKnownFileType = sourcecode.c.h; path = IPaAppDelegate.h; sourceTree = "<group>"; };
		6E375B2216A0A0E000503F90 /* IPaAppDelegate.m */ = {isa = PBXFileReference; lastKnownFileType = sourcecode.c.objc; path = IPaAppDelegate.m; sourceTree = "<group>"; };
		6E375B2416A0A0E000503F90 /* Default.png */ = {isa = PBXFileReference; lastKnownFileType = image.png; path = Default.png; sourceTree = "<group>"; };
		6E375B2616A0A0E000503F90 /* Default@2x.png */ = {isa = PBXFileReference; lastKnownFileType = image.png; path = "Default@2x.png"; sourceTree = "<group>"; };
		6E375B2816A0A0E000503F90 /* Default-568h@2x.png */ = {isa = PBXFileReference; lastKnownFileType = image.png; path = "Default-568h@2x.png"; sourceTree = "<group>"; };
		6E375B2B16A0A0E000503F90 /* en */ = {isa = PBXFileReference; lastKnownFileType = file.storyboard; name = en; path = en.lproj/MainStoryboard.storyboard; sourceTree = "<group>"; };
		6E375B2D16A0A0E000503F90 /* Shader.fsh */ = {isa = PBXFileReference; lastKnownFileType = sourcecode.glsl; name = Shader.fsh; path = Shaders/Shader.fsh; sourceTree = "<group>"; };
		6E375B2F16A0A0E000503F90 /* Shader.vsh */ = {isa = PBXFileReference; lastKnownFileType = sourcecode.glsl; name = Shader.vsh; path = Shaders/Shader.vsh; sourceTree = "<group>"; };
		6E375B3116A0A0E000503F90 /* IPaViewController.h */ = {isa = PBXFileReference; lastKnownFileType = sourcecode.c.h; path = IPaViewController.h; sourceTree = "<group>"; };
		6E375B3216A0A0E000503F90 /* IPaViewController.m */ = {isa = PBXFileReference; lastKnownFileType = sourcecode.c.objc; path = IPaViewController.m; sourceTree = "<group>"; };
		6E375B3916A0A11600503F90 /* texture.png */ = {isa = PBXFileReference; lastKnownFileType = image.png; path = texture.png; sourceTree = "<group>"; };
		6E375B3A16A0A11600503F90 /* texture2.png */ = {isa = PBXFileReference; lastKnownFileType = image.png; path = texture2.png; sourceTree = "<group>"; };
		6E375B3B16A0A11600503F90 /* uvcube2.mtl */ = {isa = PBXFileReference; fileEncoding = 4; lastKnownFileType = text; path = uvcube2.mtl; sourceTree = "<group>"; };
		6E375B3C16A0A11600503F90 /* uvcube2.obj */ = {isa = PBXFileReference; fileEncoding = 4; lastKnownFileType = text; path = uvcube2.obj; sourceTree = "<group>"; };
		6E375B4316A0A12F00503F90 /* libIPaWavefrontObject.a */ = {isa = PBXFileReference; lastKnownFileType = archive.ar; name = libIPaWavefrontObject.a; path = "../../../../../../../../Library/Developer/Xcode/DerivedData/IPaWavefrontObject-btphceucdhmtcheifjaisocjkbir/Build/Products/Debug-iphoneos/libIPaWavefrontObject.a"; sourceTree = "<group>"; };
/* End PBXFileReference section */

/* Begin PBXFrameworksBuildPhase section */
		6E375B0716A0A0E000503F90 /* Frameworks */ = {
			isa = PBXFrameworksBuildPhase;
			buildActionMask = 2147483647;
			files = (
				6E375B4416A0A12F00503F90 /* libIPaWavefrontObject.a in Frameworks */,
				6E375B0F16A0A0E000503F90 /* UIKit.framework in Frameworks */,
				6E375B1116A0A0E000503F90 /* Foundation.framework in Frameworks */,
				6E375B1316A0A0E000503F90 /* CoreGraphics.framework in Frameworks */,
				6E375B1516A0A0E000503F90 /* GLKit.framework in Frameworks */,
				6E375B1716A0A0E000503F90 /* OpenGLES.framework in Frameworks */,
			);
			runOnlyForDeploymentPostprocessing = 0;
		};
/* End PBXFrameworksBuildPhase section */

/* Begin PBXGroup section */
		6E375AFF16A0A0E000503F90 = {
			isa = PBXGroup;
			children = (
				6E375B1816A0A0E000503F90 /* IPaWavefrontObjectSample */,
				6E375B0D16A0A0E000503F90 /* Frameworks */,
				6E375B0B16A0A0E000503F90 /* Products */,
			);
			sourceTree = "<group>";
		};
		6E375B0B16A0A0E000503F90 /* Products */ = {
			isa = PBXGroup;
			children = (
				6E375B0A16A0A0E000503F90 /* IPaWavefrontObjectSample.app */,
			);
			name = Products;
			sourceTree = "<group>";
		};
		6E375B0D16A0A0E000503F90 /* Frameworks */ = {
			isa = PBXGroup;
			children = (
				6E375B0E16A0A0E000503F90 /* UIKit.framework */,
				6E375B1016A0A0E000503F90 /* Foundation.framework */,
				6E375B1216A0A0E000503F90 /* CoreGraphics.framework */,
				6E375B1416A0A0E000503F90 /* GLKit.framework */,
				6E375B1616A0A0E000503F90 /* OpenGLES.framework */,
			);
			name = Frameworks;
			sourceTree = "<group>";
		};
		6E375B1816A0A0E000503F90 /* IPaWavefrontObjectSample */ = {
			isa = PBXGroup;
			children = (
				6E375B2116A0A0E000503F90 /* IPaAppDelegate.h */,
				6E375B2216A0A0E000503F90 /* IPaAppDelegate.m */,
				6E375B2A16A0A0E000503F90 /* MainStoryboard.storyboard */,
				6E375B2D16A0A0E000503F90 /* Shader.fsh */,
				6E375B2F16A0A0E000503F90 /* Shader.vsh */,
				6E375B3916A0A11600503F90 /* texture.png */,
				6E375B3A16A0A11600503F90 /* texture2.png */,
				6E375B3B16A0A11600503F90 /* uvcube2.mtl */,
				6E375B3C16A0A11600503F90 /* uvcube2.obj */,
				6E375B3116A0A0E000503F90 /* IPaViewController.h */,
				6E375B3216A0A0E000503F90 /* IPaViewController.m */,
				6E375B1916A0A0E000503F90 /* Supporting Files */,
			);
			path = IPaWavefrontObjectSample;
			sourceTree = "<group>";
		};
		6E375B1916A0A0E000503F90 /* Supporting Files */ = {
			isa = PBXGroup;
			children = (
				6E375B4316A0A12F00503F90 /* libIPaWavefrontObject.a */,
				6E375B1A16A0A0E000503F90 /* IPaWavefrontObjectSample-Info.plist */,
				6E375B1B16A0A0E000503F90 /* InfoPlist.strings */,
				6E375B1E16A0A0E000503F90 /* main.m */,
				6E375B2016A0A0E000503F90 /* IPaWavefrontObjectSample-Prefix.pch */,
				6E375B2416A0A0E000503F90 /* Default.png */,
				6E375B2616A0A0E000503F90 /* Default@2x.png */,
				6E375B2816A0A0E000503F90 /* Default-568h@2x.png */,
			);
			name = "Supporting Files";
			sourceTree = "<group>";
		};
/* End PBXGroup section */

/* Begin PBXNativeTarget section */
		6E375B0916A0A0E000503F90 /* IPaWavefrontObjectSample */ = {
			isa = PBXNativeTarget;
			buildConfigurationList = 6E375B3616A0A0E000503F90 /* Build configuration list for PBXNativeTarget "IPaWavefrontObjectSample" */;
			buildPhases = (
				6E375B0616A0A0E000503F90 /* Sources */,
				6E375B0716A0A0E000503F90 /* Frameworks */,
				6E375B0816A0A0E000503F90 /* Resources */,
			);
			buildRules = (
			);
			dependencies = (
			);
			name = IPaWavefrontObjectSample;
			productName = IPaWavefrontObjectSample;
			productReference = 6E375B0A16A0A0E000503F90 /* IPaWavefrontObjectSample.app */;
			productType = "com.apple.product-type.application";
		};
/* End PBXNativeTarget section */

/* Begin PBXProject section */
		6E375B0116A0A0E000503F90 /* Project object */ = {
			isa = PBXProject;
			attributes = {
				CLASSPREFIX = IPa;
				LastUpgradeCheck = 0450;
				ORGANIZATIONNAME = IPaPa;
			};
			buildConfigurationList = 6E375B0416A0A0E000503F90 /* Build configuration list for PBXProject "IPaWavefrontObjectSample" */;
			compatibilityVersion = "Xcode 3.2";
			developmentRegion = English;
			hasScannedForEncodings = 0;
			knownRegions = (
				en,
			);
			mainGroup = 6E375AFF16A0A0E000503F90;
			productRefGroup = 6E375B0B16A0A0E000503F90 /* Products */;
			projectDirPath = "";
			projectRoot = "";
			targets = (
				6E375B0916A0A0E000503F90 /* IPaWavefrontObjectSample */,
			);
		};
/* End PBXProject section */

/* Begin PBXResourcesBuildPhase section */
		6E375B0816A0A0E000503F90 /* Resources */ = {
			isa = PBXResourcesBuildPhase;
			buildActionMask = 2147483647;
			files = (
				6E375B1D16A0A0E000503F90 /* InfoPlist.strings in Resources */,
				6E375B2516A0A0E000503F90 /* Default.png in Resources */,
				6E375B2716A0A0E000503F90 /* Default@2x.png in Resources */,
				6E375B2916A0A0E000503F90 /* Default-568h@2x.png in Resources */,
				6E375B2C16A0A0E000503F90 /* MainStoryboard.storyboard in Resources */,
				6E375B2E16A0A0E000503F90 /* Shader.fsh in Resources */,
				6E375B3016A0A0E000503F90 /* Shader.vsh in Resources */,
				6E375B3D16A0A11600503F90 /* texture.png in Resources */,
				6E375B3E16A0A11600503F90 /* texture2.png in Resources */,
				6E375B3F16A0A11600503F90 /* uvcube2.mtl in Resources */,
				6E375B4016A0A11600503F90 /* uvcube2.obj in Resources */,
			);
			runOnlyForDeploymentPostprocessing = 0;
		};
/* End PBXResourcesBuildPhase section */

/* Begin PBXSourcesBuildPhase section */
		6E375B0616A0A0E000503F90 /* Sources */ = {
			isa = PBXSourcesBuildPhase;
			buildActionMask = 2147483647;
			files = (
				6E375B1F16A0A0E000503F90 /* main.m in Sources */,
				6E375B2316A0A0E000503F90 /* IPaAppDelegate.m in Sources */,
				6E375B3316A0A0E000503F90 /* IPaViewController.m in Sources */,
			);
			runOnlyForDeploymentPostprocessing = 0;
		};
/* End PBXSourcesBuildPhase section */

/* Begin PBXVariantGroup section */
		6E375B1B16A0A0E000503F90 /* InfoPlist.strings */ = {
			isa = PBXVariantGroup;
			children = (
				6E375B1C16A0A0E000503F90 /* en */,
			);
			name = InfoPlist.strings;
			sourceTree = "<group>";
		};
		6E375B2A16A0A0E000503F90 /* MainStoryboard.storyboard */ = {
			isa = PBXVariantGroup;
			children = (
				6E375B2B16A0A0E000503F90 /* en */,
			);
			name = MainStoryboard.storyboard;
			sourceTree = "<group>";
		};
/* End PBXVariantGroup section */

/* Begin XCBuildConfiguration section */
		6E375B3416A0A0E000503F90 /* Debug */ = {
			isa = XCBuildConfiguration;
			buildSettings = {
				ALWAYS_SEARCH_USER_PATHS = NO;
				CLANG_CXX_LANGUAGE_STANDARD = "gnu++0x";
				CLANG_CXX_LIBRARY = "libc++";
				CLANG_ENABLE_OBJC_ARC = YES;
				CLANG_WARN_EMPTY_BODY = YES;
				CLANG_WARN__DUPLICATE_METHOD_MATCH = YES;
				"CODE_SIGN_IDENTITY[sdk=iphoneos*]" = "iPhone Developer";
				COPY_PHASE_STRIP = NO;
				GCC_C_LANGUAGE_STANDARD = gnu99;
				GCC_DYNAMIC_NO_PIC = NO;
				GCC_OPTIMIZATION_LEVEL = 0;
				GCC_PREPROCESSOR_DEFINITIONS = (
					"DEBUG=1",
					"$(inherited)",
				);
				GCC_SYMBOLS_PRIVATE_EXTERN = NO;
				GCC_WARN_ABOUT_RETURN_TYPE = YES;
				GCC_WARN_UNINITIALIZED_AUTOS = YES;
				GCC_WARN_UNUSED_VARIABLE = YES;
				IPHONEOS_DEPLOYMENT_TARGET = 6.0;
				ONLY_ACTIVE_ARCH = YES;
				SDKROOT = iphoneos;
			};
			name = Debug;
		};
		6E375B3516A0A0E000503F90 /* Release */ = {
			isa = XCBuildConfiguration;
			buildSettings = {
				ALWAYS_SEARCH_USER_PATHS = NO;
				CLANG_CXX_LANGUAGE_STANDARD = "gnu++0x";
				CLANG_CXX_LIBRARY = "libc++";
				CLANG_ENABLE_OBJC_ARC = YES;
				CLANG_WARN_EMPTY_BODY = YES;
				CLANG_WARN__DUPLICATE_METHOD_MATCH = YES;
				"CODE_SIGN_IDENTITY[sdk=iphoneos*]" = "iPhone Developer";
				COPY_PHASE_STRIP = YES;
				GCC_C_LANGUAGE_STANDARD = gnu99;
				GCC_WARN_ABOUT_RETURN_TYPE = YES;
				GCC_WARN_UNINITIALIZED_AUTOS = YES;
				GCC_WARN_UNUSED_VARIABLE = YES;
				IPHONEOS_DEPLOYMENT_TARGET = 6.0;
				OTHER_CFLAGS = "-DNS_BLOCK_ASSERTIONS=1";
				SDKROOT = iphoneos;
				VALIDATE_PRODUCT = YES;
			};
			name = Release;
		};
		6E375B3716A0A0E000503F90 /* Debug */ = {
			isa = XCBuildConfiguration;
			buildSettings = {
				GCC_PRECOMPILE_PREFIX_HEADER = YES;
				GCC_PREFIX_HEADER = "IPaWavefrontObjectSample/IPaWavefrontObjectSample-Prefix.pch";
				HEADER_SEARCH_PATHS = "\"$(SRCROOT)/../IPaWavefrontObject/IPaWavefrontObject\"";
				INFOPLIST_FILE = "IPaWavefrontObjectSample/IPaWavefrontObjectSample-Info.plist";
				IPHONEOS_DEPLOYMENT_TARGET = 5.0;
				LIBRARY_SEARCH_PATHS = (
					"$(inherited)",
					"\"$(SRCROOT)/../../../../../../../Library/Developer/Xcode/DerivedData/IPaWavefrontObject-btphceucdhmtcheifjaisocjkbir/Build/Products/Debug-iphoneos\"",
				);
				PRODUCT_NAME = "$(TARGET_NAME)";
				WRAPPER_EXTENSION = app;
			};
			name = Debug;
		};
		6E375B3816A0A0E000503F90 /* Release */ = {
			isa = XCBuildConfiguration;
			buildSettings = {
				GCC_PRECOMPILE_PREFIX_HEADER = YES;
				GCC_PREFIX_HEADER = "IPaWavefrontObjectSample/IPaWavefrontObjectSample-Prefix.pch";
				HEADER_SEARCH_PATHS = "\"$(SRCROOT)/../IPaWavefrontObject/IPaWavefrontObject\"";
				INFOPLIST_FILE = "IPaWavefrontObjectSample/IPaWavefrontObjectSample-Info.plist";
				IPHONEOS_DEPLOYMENT_TARGET = 5.0;
				LIBRARY_SEARCH_PATHS = (
					"$(inherited)",
					"\"$(SRCROOT)/../../../../../../../Library/Developer/Xcode/DerivedData/IPaWavefrontObject-btphceucdhmtcheifjaisocjkbir/Build/Products/Debug-iphoneos\"",
				);
				PRODUCT_NAME = "$(TARGET_NAME)";
				WRAPPER_EXTENSION = app;
			};
			name = Release;
		};
/* End XCBuildConfiguration section */

/* Begin XCConfigurationList section */
		6E375B0416A0A0E000503F90 /* Build configuration list for PBXProject "IPaWavefrontObjectSample" */ = {
			isa = XCConfigurationList;
			buildConfigurations = (
				6E375B3416A0A0E000503F90 /* Debug */,
				6E375B3516A0A0E000503F90 /* Release */,
			);
			defaultConfigurationIsVisible = 0;
			defaultConfigurationName = Release;
		};
		6E375B3616A0A0E000503F90 /* Build configuration list for PBXNativeTarget "IPaWavefrontObjectSample" */ = {
			isa = XCConfigurationList;
			buildConfigurations = (
				6E375B3716A0A0E000503F90 /* Debug */,
				6E375B3816A0A0E000503F90 /* Release */,
			);
			defaultConfigurationIsVisible = 0;
		};
/* End XCConfigurationList section */
	};
	rootObject = 6E375B0116A0A0E000503F90 /* Project object */;
}
