// !$*UTF8*$!
{
	archiveVersion = 1;
	classes = {
	};
	objectVersion = 46;
	objects = {

/* Begin PBXAggregateTarget section */
		6EBD79B11822BCBC00A63EDC /* IPaGLEngineUniversalFramework */ = {
			isa = PBXAggregateTarget;
			buildConfigurationList = 6EBD79BE1822BCBC00A63EDC /* Build configuration list for PBXAggregateTarget "IPaGLEngineUniversalFramework" */;
			buildPhases = (
				6EBD79B01822BCBC00A63EDC /* ShellScript */,
			);
			dependencies = (
			);
			name = IPaGLEngineUniversalFramework;
			productName = IPaGLEngineUniversalFramework;
		};
/* End PBXAggregateTarget section */

/* Begin PBXBuildFile section */
		6E2BDA861A64FC5000FE959D /* IPaGLPerspectiveSprite2D.h in Headers */ = {isa = PBXBuildFile; fileRef = 6E2BDA841A64FC5000FE959D /* IPaGLPerspectiveSprite2D.h */; settings = {ATTRIBUTES = (Public, ); }; };
		6E2BDA871A64FC5000FE959D /* IPaGLPerspectiveSprite2D.m in Sources */ = {isa = PBXBuildFile; fileRef = 6E2BDA851A64FC5000FE959D /* IPaGLPerspectiveSprite2D.m */; };
		6E2E192D1A5FD1720061CB68 /* IPaGLCamera.h in Headers */ = {isa = PBXBuildFile; fileRef = 6E2E192B1A5FD1720061CB68 /* IPaGLCamera.h */; };
		6E2E192E1A5FD1720061CB68 /* IPaGLCamera.m in Sources */ = {isa = PBXBuildFile; fileRef = 6E2E192C1A5FD1720061CB68 /* IPaGLCamera.m */; };
		6E2E19311A5FD74B0061CB68 /* IPaGLShaderRenderer.h in Headers */ = {isa = PBXBuildFile; fileRef = 6E2E192F1A5FD74B0061CB68 /* IPaGLShaderRenderer.h */; };
		6E2E19321A5FD74B0061CB68 /* IPaGLShaderRenderer.m in Sources */ = {isa = PBXBuildFile; fileRef = 6E2E19301A5FD74B0061CB68 /* IPaGLShaderRenderer.m */; };
		6E2E19351A5FD7EB0061CB68 /* IPaGLKitRenderer.h in Headers */ = {isa = PBXBuildFile; fileRef = 6E2E19331A5FD7EB0061CB68 /* IPaGLKitRenderer.h */; };
		6E2E19361A5FD7EB0061CB68 /* IPaGLKitRenderer.m in Sources */ = {isa = PBXBuildFile; fileRef = 6E2E19341A5FD7EB0061CB68 /* IPaGLKitRenderer.m */; };
		6E2E193D1A5FD9530061CB68 /* IPaGLSprite2DRenderer.h in Headers */ = {isa = PBXBuildFile; fileRef = 6E2E193B1A5FD9530061CB68 /* IPaGLSprite2DRenderer.h */; };
		6E2E193E1A5FD9530061CB68 /* IPaGLSprite2DRenderer.m in Sources */ = {isa = PBXBuildFile; fileRef = 6E2E193C1A5FD9530061CB68 /* IPaGLSprite2DRenderer.m */; };
		6E4950471A5FE39C00EEE0AD /* IPaGLEntity.h in Headers */ = {isa = PBXBuildFile; fileRef = 6E4950451A5FE39C00EEE0AD /* IPaGLEntity.h */; };
		6E4950481A5FE39C00EEE0AD /* IPaGLEntity.m in Sources */ = {isa = PBXBuildFile; fileRef = 6E4950461A5FE39C00EEE0AD /* IPaGLEntity.m */; };
		6E5F8F8C1A70A0C300490CD0 /* IPaGLPoints2D.h in Headers */ = {isa = PBXBuildFile; fileRef = 6E5F8F8A1A70A0C300490CD0 /* IPaGLPoints2D.h */; };
		6E5F8F901A70A73F00490CD0 /* IPaGLPoints2DRenderer.h in Headers */ = {isa = PBXBuildFile; fileRef = 6E5F8F8E1A70A73F00490CD0 /* IPaGLPoints2DRenderer.h */; };
		6E5F8F951A70A81C00490CD0 /* IPaGLShader2DRenderer.h in Headers */ = {isa = PBXBuildFile; fileRef = 6E5F8F931A70A81C00490CD0 /* IPaGLShader2DRenderer.h */; };
		6E5F8F961A70A81C00490CD0 /* IPaGLShader2DRenderer.m in Sources */ = {isa = PBXBuildFile; fileRef = 6E5F8F941A70A81C00490CD0 /* IPaGLShader2DRenderer.m */; };
		6E5F8F9F1A70FCE700490CD0 /* IPaGLPoints2DRenderer.m in Sources */ = {isa = PBXBuildFile; fileRef = 6E5F8F8F1A70A73F00490CD0 /* IPaGLPoints2DRenderer.m */; };
		6E6062DD1A79E5FA00BEAE8B /* IPaGLPath2D.h in Headers */ = {isa = PBXBuildFile; fileRef = 6E6062DB1A79E5FA00BEAE8B /* IPaGLPath2D.h */; };
		6E6062DE1A79E5FA00BEAE8B /* IPaGLPath2D.m in Sources */ = {isa = PBXBuildFile; fileRef = 6E6062DC1A79E5FA00BEAE8B /* IPaGLPath2D.m */; };
		6E6062E21A79EA4700BEAE8B /* IPaGLPath2DContainer.h in Headers */ = {isa = PBXBuildFile; fileRef = 6E6062E01A79EA4700BEAE8B /* IPaGLPath2DContainer.h */; };
		6E6062E31A79EA4700BEAE8B /* IPaGLPath2DContainer.m in Sources */ = {isa = PBXBuildFile; fileRef = 6E6062E11A79EA4700BEAE8B /* IPaGLPath2DContainer.m */; };
		6E6062E71A7A3D3100BEAE8B /* IPaGLEntityRenderer.h in Headers */ = {isa = PBXBuildFile; fileRef = 6E6062E51A7A3D3100BEAE8B /* IPaGLEntityRenderer.h */; };
		6E6062E81A7A3D3100BEAE8B /* IPaGLEntityRenderer.m in Sources */ = {isa = PBXBuildFile; fileRef = 6E6062E61A7A3D3100BEAE8B /* IPaGLEntityRenderer.m */; };
		6E6211F91A7B3ED70041DFBA /* IPaGLSprite3D.h in Headers */ = {isa = PBXBuildFile; fileRef = 6E6211F71A7B3ED70041DFBA /* IPaGLSprite3D.h */; };
		6E6211FA1A7B3ED70041DFBA /* IPaGLSprite3D.m in Sources */ = {isa = PBXBuildFile; fileRef = 6E6211F81A7B3ED70041DFBA /* IPaGLSprite3D.m */; };
		6E6211FD1A7B3F1A0041DFBA /* IPaGLSprite3DRenderer.h in Headers */ = {isa = PBXBuildFile; fileRef = 6E6211FB1A7B3F1A0041DFBA /* IPaGLSprite3DRenderer.h */; };
		6E6211FE1A7B3F1A0041DFBA /* IPaGLSprite3DRenderer.m in Sources */ = {isa = PBXBuildFile; fileRef = 6E6211FC1A7B3F1A0041DFBA /* IPaGLSprite3DRenderer.m */; };
		6E64EDFD1A78D25100A99C05 /* IPaGLTrangleFan2D.h in Headers */ = {isa = PBXBuildFile; fileRef = 6E64EDFB1A78D25100A99C05 /* IPaGLTrangleFan2D.h */; };
		6E64EDFE1A78D25100A99C05 /* IPaGLTrangleFan2D.m in Sources */ = {isa = PBXBuildFile; fileRef = 6E64EDFC1A78D25100A99C05 /* IPaGLTrangleFan2D.m */; };
		6E64EE011A78D26C00A99C05 /* IPaGLTrangleFan2DRenderer.h in Headers */ = {isa = PBXBuildFile; fileRef = 6E64EDFF1A78D26C00A99C05 /* IPaGLTrangleFan2DRenderer.h */; };
		6E64EE021A78D26C00A99C05 /* IPaGLTrangleFan2DRenderer.m in Sources */ = {isa = PBXBuildFile; fileRef = 6E64EE001A78D26C00A99C05 /* IPaGLTrangleFan2DRenderer.m */; };
		6EAAC2111A6CF58C00691292 /* IPaGLPerspectiveSprite2DRenderer.h in Headers */ = {isa = PBXBuildFile; fileRef = 6EAAC20F1A6CF58C00691292 /* IPaGLPerspectiveSprite2DRenderer.h */; };
		6EAAC2121A6CF58C00691292 /* IPaGLPerspectiveSprite2DRenderer.m in Sources */ = {isa = PBXBuildFile; fileRef = 6EAAC2101A6CF58C00691292 /* IPaGLPerspectiveSprite2DRenderer.m */; };
		6EBB8ECE1A7597AD0034F0C9 /* IPaGLPoints2D.m in Sources */ = {isa = PBXBuildFile; fileRef = 6E5F8F8B1A70A0C300490CD0 /* IPaGLPoints2D.m */; };
		6EBD79B71822BCBC00A63EDC /* InfoPlist.strings in Resources */ = {isa = PBXBuildFile; fileRef = 6EBD79B51822BCBC00A63EDC /* InfoPlist.strings */; };
		6EBD79E51822BD1500A63EDC /* IPaGLEffect.h in Headers */ = {isa = PBXBuildFile; fileRef = 6EBD79C11822BD1500A63EDC /* IPaGLEffect.h */; settings = {ATTRIBUTES = (Public, ); }; };
		6EBD79E61822BD1500A63EDC /* IPaGLEffect.m in Sources */ = {isa = PBXBuildFile; fileRef = 6EBD79C21822BD1500A63EDC /* IPaGLEffect.m */; };
		6EBD79E71822BD1500A63EDC /* IPaGLEngine.h in Headers */ = {isa = PBXBuildFile; fileRef = 6EBD79C31822BD1500A63EDC /* IPaGLEngine.h */; settings = {ATTRIBUTES = (Public, ); }; };
		6EBD79E81822BD1500A63EDC /* IPaGLEngine.m in Sources */ = {isa = PBXBuildFile; fileRef = 6EBD79C41822BD1500A63EDC /* IPaGLEngine.m */; };
		6EBD79E91822BD1500A63EDC /* IPaGLFilterSprite2DRenderer.h in Headers */ = {isa = PBXBuildFile; fileRef = 6EBD79C51822BD1500A63EDC /* IPaGLFilterSprite2DRenderer.h */; settings = {ATTRIBUTES = (Public, ); }; };
		6EBD79EA1822BD1500A63EDC /* IPaGLFilterSprite2DRenderer.m in Sources */ = {isa = PBXBuildFile; fileRef = 6EBD79C61822BD1500A63EDC /* IPaGLFilterSprite2DRenderer.m */; };
		6EBD79EB1822BD1500A63EDC /* IPaGLFramebufferTexture.h in Headers */ = {isa = PBXBuildFile; fileRef = 6EBD79C71822BD1500A63EDC /* IPaGLFramebufferTexture.h */; settings = {ATTRIBUTES = (Public, ); }; };
		6EBD79EC1822BD1500A63EDC /* IPaGLFramebufferTexture.m in Sources */ = {isa = PBXBuildFile; fileRef = 6EBD79C81822BD1500A63EDC /* IPaGLFramebufferTexture.m */; };
		6EBD79ED1822BD1500A63EDC /* IPaGLGooEffect.h in Headers */ = {isa = PBXBuildFile; fileRef = 6EBD79C91822BD1500A63EDC /* IPaGLGooEffect.h */; settings = {ATTRIBUTES = (Public, ); }; };
		6EBD79EE1822BD1500A63EDC /* IPaGLGooEffect.m in Sources */ = {isa = PBXBuildFile; fileRef = 6EBD79CA1822BD1500A63EDC /* IPaGLGooEffect.m */; };
		6EBD79EF1822BD1500A63EDC /* IPaGLMaterial.h in Headers */ = {isa = PBXBuildFile; fileRef = 6EBD79CB1822BD1500A63EDC /* IPaGLMaterial.h */; settings = {ATTRIBUTES = (Public, ); }; };
		6EBD79F01822BD1500A63EDC /* IPaGLMaterial.m in Sources */ = {isa = PBXBuildFile; fileRef = 6EBD79CC1822BD1500A63EDC /* IPaGLMaterial.m */; };
		6EBD79F31822BD1500A63EDC /* IPaGLRenderSource.h in Headers */ = {isa = PBXBuildFile; fileRef = 6EBD79CF1822BD1500A63EDC /* IPaGLRenderSource.h */; settings = {ATTRIBUTES = (Public, ); }; };
		6EBD79F41822BD1500A63EDC /* IPaGLRenderSource.m in Sources */ = {isa = PBXBuildFile; fileRef = 6EBD79D01822BD1500A63EDC /* IPaGLRenderSource.m */; };
		6EBD79F51822BD1500A63EDC /* IPaGLSprite2D.h in Headers */ = {isa = PBXBuildFile; fileRef = 6EBD79D11822BD1500A63EDC /* IPaGLSprite2D.h */; settings = {ATTRIBUTES = (Public, ); }; };
		6EBD79F61822BD1500A63EDC /* IPaGLSprite2D.m in Sources */ = {isa = PBXBuildFile; fileRef = 6EBD79D21822BD1500A63EDC /* IPaGLSprite2D.m */; };
		6EBD79F71822BD1500A63EDC /* IPaGLSprite2DAction.h in Headers */ = {isa = PBXBuildFile; fileRef = 6EBD79D31822BD1500A63EDC /* IPaGLSprite2DAction.h */; settings = {ATTRIBUTES = (Public, ); }; };
		6EBD79F81822BD1500A63EDC /* IPaGLSprite2DAction.m in Sources */ = {isa = PBXBuildFile; fileRef = 6EBD79D41822BD1500A63EDC /* IPaGLSprite2DAction.m */; };
		6EBD79FB1822BD1500A63EDC /* IPaGLTexture.h in Headers */ = {isa = PBXBuildFile; fileRef = 6EBD79D71822BD1500A63EDC /* IPaGLTexture.h */; settings = {ATTRIBUTES = (Public, ); }; };
		6EBD79FC1822BD1500A63EDC /* IPaGLTexture.m in Sources */ = {isa = PBXBuildFile; fileRef = 6EBD79D81822BD1500A63EDC /* IPaGLTexture.m */; };
		6EBD79FD1822BD1500A63EDC /* IPaGLToonRenderer.h in Headers */ = {isa = PBXBuildFile; fileRef = 6EBD79D91822BD1500A63EDC /* IPaGLToonRenderer.h */; settings = {ATTRIBUTES = (Public, ); }; };
		6EBD79FE1822BD1500A63EDC /* IPaGLToonRenderer.m in Sources */ = {isa = PBXBuildFile; fileRef = 6EBD79DA1822BD1500A63EDC /* IPaGLToonRenderer.m */; };
		6EBD79FF1822BD1500A63EDC /* IPaGLVertexIndexes.h in Headers */ = {isa = PBXBuildFile; fileRef = 6EBD79DB1822BD1500A63EDC /* IPaGLVertexIndexes.h */; settings = {ATTRIBUTES = (Public, ); }; };
		6EBD7A001822BD1500A63EDC /* IPaGLVertexIndexes.m in Sources */ = {isa = PBXBuildFile; fileRef = 6EBD79DC1822BD1500A63EDC /* IPaGLVertexIndexes.m */; };
		6EBD7A011822BD1500A63EDC /* IPaGLWaterRippleEffect.h in Headers */ = {isa = PBXBuildFile; fileRef = 6EBD79DD1822BD1500A63EDC /* IPaGLWaterRippleEffect.h */; settings = {ATTRIBUTES = (Public, ); }; };
		6EBD7A021822BD1500A63EDC /* IPaGLWaterRippleEffect.m in Sources */ = {isa = PBXBuildFile; fileRef = 6EBD79DE1822BD1500A63EDC /* IPaGLWaterRippleEffect.m */; };
		6EBD7A031822BD1500A63EDC /* IPaGLWavefrontObj.h in Headers */ = {isa = PBXBuildFile; fileRef = 6EBD79DF1822BD1500A63EDC /* IPaGLWavefrontObj.h */; settings = {ATTRIBUTES = (Public, ); }; };
		6EBD7A041822BD1500A63EDC /* IPaGLWavefrontObj.m in Sources */ = {isa = PBXBuildFile; fileRef = 6EBD79E01822BD1500A63EDC /* IPaGLWavefrontObj.m */; };
		6EBD7A051822BD1500A63EDC /* IPaGLWavefrontObjRenderer.h in Headers */ = {isa = PBXBuildFile; fileRef = 6EBD79E11822BD1500A63EDC /* IPaGLWavefrontObjRenderer.h */; settings = {ATTRIBUTES = (Public, ); }; };
		6EBD7A061822BD1500A63EDC /* IPaGLWavefrontObjRenderer.m in Sources */ = {isa = PBXBuildFile; fileRef = 6EBD79E21822BD1500A63EDC /* IPaGLWavefrontObjRenderer.m */; };
		6EBD7A071822BD1500A63EDC /* IPaGLWavefrontObjRenderGroup.h in Headers */ = {isa = PBXBuildFile; fileRef = 6EBD79E31822BD1500A63EDC /* IPaGLWavefrontObjRenderGroup.h */; settings = {ATTRIBUTES = (Public, ); }; };
		6EBD7A081822BD1500A63EDC /* IPaGLWavefrontObjRenderGroup.m in Sources */ = {isa = PBXBuildFile; fileRef = 6EBD79E41822BD1500A63EDC /* IPaGLWavefrontObjRenderGroup.m */; };
/* End PBXBuildFile section */

/* Begin PBXFileReference section */
		6E2BDA841A64FC5000FE959D /* IPaGLPerspectiveSprite2D.h */ = {isa = PBXFileReference; fileEncoding = 4; lastKnownFileType = sourcecode.c.h; path = IPaGLPerspectiveSprite2D.h; sourceTree = "<group>"; };
		6E2BDA851A64FC5000FE959D /* IPaGLPerspectiveSprite2D.m */ = {isa = PBXFileReference; fileEncoding = 4; lastKnownFileType = sourcecode.c.objc; path = IPaGLPerspectiveSprite2D.m; sourceTree = "<group>"; };
		6E2E192B1A5FD1720061CB68 /* IPaGLCamera.h */ = {isa = PBXFileReference; fileEncoding = 4; lastKnownFileType = sourcecode.c.h; path = IPaGLCamera.h; sourceTree = "<group>"; };
		6E2E192C1A5FD1720061CB68 /* IPaGLCamera.m */ = {isa = PBXFileReference; fileEncoding = 4; lastKnownFileType = sourcecode.c.objc; path = IPaGLCamera.m; sourceTree = "<group>"; };
		6E2E192F1A5FD74B0061CB68 /* IPaGLShaderRenderer.h */ = {isa = PBXFileReference; fileEncoding = 4; lastKnownFileType = sourcecode.c.h; path = IPaGLShaderRenderer.h; sourceTree = "<group>"; };
		6E2E19301A5FD74B0061CB68 /* IPaGLShaderRenderer.m */ = {isa = PBXFileReference; fileEncoding = 4; lastKnownFileType = sourcecode.c.objc; path = IPaGLShaderRenderer.m; sourceTree = "<group>"; };
		6E2E19331A5FD7EB0061CB68 /* IPaGLKitRenderer.h */ = {isa = PBXFileReference; fileEncoding = 4; lastKnownFileType = sourcecode.c.h; path = IPaGLKitRenderer.h; sourceTree = "<group>"; };
		6E2E19341A5FD7EB0061CB68 /* IPaGLKitRenderer.m */ = {isa = PBXFileReference; fileEncoding = 4; lastKnownFileType = sourcecode.c.objc; path = IPaGLKitRenderer.m; sourceTree = "<group>"; };
		6E2E193B1A5FD9530061CB68 /* IPaGLSprite2DRenderer.h */ = {isa = PBXFileReference; fileEncoding = 4; lastKnownFileType = sourcecode.c.h; path = IPaGLSprite2DRenderer.h; sourceTree = "<group>"; };
		6E2E193C1A5FD9530061CB68 /* IPaGLSprite2DRenderer.m */ = {isa = PBXFileReference; fileEncoding = 4; lastKnownFileType = sourcecode.c.objc; path = IPaGLSprite2DRenderer.m; sourceTree = "<group>"; };
		6E4950451A5FE39C00EEE0AD /* IPaGLEntity.h */ = {isa = PBXFileReference; fileEncoding = 4; lastKnownFileType = sourcecode.c.h; path = IPaGLEntity.h; sourceTree = "<group>"; };
		6E4950461A5FE39C00EEE0AD /* IPaGLEntity.m */ = {isa = PBXFileReference; fileEncoding = 4; lastKnownFileType = sourcecode.c.objc; path = IPaGLEntity.m; sourceTree = "<group>"; };
		6E5F8F8A1A70A0C300490CD0 /* IPaGLPoints2D.h */ = {isa = PBXFileReference; fileEncoding = 4; lastKnownFileType = sourcecode.c.h; path = IPaGLPoints2D.h; sourceTree = "<group>"; };
		6E5F8F8B1A70A0C300490CD0 /* IPaGLPoints2D.m */ = {isa = PBXFileReference; fileEncoding = 4; lastKnownFileType = sourcecode.c.objc; path = IPaGLPoints2D.m; sourceTree = "<group>"; };
		6E5F8F8E1A70A73F00490CD0 /* IPaGLPoints2DRenderer.h */ = {isa = PBXFileReference; fileEncoding = 4; lastKnownFileType = sourcecode.c.h; path = IPaGLPoints2DRenderer.h; sourceTree = "<group>"; };
		6E5F8F8F1A70A73F00490CD0 /* IPaGLPoints2DRenderer.m */ = {isa = PBXFileReference; fileEncoding = 4; lastKnownFileType = sourcecode.c.objc; path = IPaGLPoints2DRenderer.m; sourceTree = "<group>"; };
		6E5F8F931A70A81C00490CD0 /* IPaGLShader2DRenderer.h */ = {isa = PBXFileReference; fileEncoding = 4; lastKnownFileType = sourcecode.c.h; path = IPaGLShader2DRenderer.h; sourceTree = "<group>"; };
		6E5F8F941A70A81C00490CD0 /* IPaGLShader2DRenderer.m */ = {isa = PBXFileReference; fileEncoding = 4; lastKnownFileType = sourcecode.c.objc; path = IPaGLShader2DRenderer.m; sourceTree = "<group>"; };
		6E6062DB1A79E5FA00BEAE8B /* IPaGLPath2D.h */ = {isa = PBXFileReference; fileEncoding = 4; lastKnownFileType = sourcecode.c.h; path = IPaGLPath2D.h; sourceTree = "<group>"; };
		6E6062DC1A79E5FA00BEAE8B /* IPaGLPath2D.m */ = {isa = PBXFileReference; fileEncoding = 4; lastKnownFileType = sourcecode.c.objc; path = IPaGLPath2D.m; sourceTree = "<group>"; };
		6E6062E01A79EA4700BEAE8B /* IPaGLPath2DContainer.h */ = {isa = PBXFileReference; fileEncoding = 4; lastKnownFileType = sourcecode.c.h; path = IPaGLPath2DContainer.h; sourceTree = "<group>"; };
		6E6062E11A79EA4700BEAE8B /* IPaGLPath2DContainer.m */ = {isa = PBXFileReference; fileEncoding = 4; lastKnownFileType = sourcecode.c.objc; path = IPaGLPath2DContainer.m; sourceTree = "<group>"; };
		6E6062E51A7A3D3100BEAE8B /* IPaGLEntityRenderer.h */ = {isa = PBXFileReference; fileEncoding = 4; lastKnownFileType = sourcecode.c.h; path = IPaGLEntityRenderer.h; sourceTree = "<group>"; };
		6E6062E61A7A3D3100BEAE8B /* IPaGLEntityRenderer.m */ = {isa = PBXFileReference; fileEncoding = 4; lastKnownFileType = sourcecode.c.objc; path = IPaGLEntityRenderer.m; sourceTree = "<group>"; };
		6E6211F71A7B3ED70041DFBA /* IPaGLSprite3D.h */ = {isa = PBXFileReference; fileEncoding = 4; lastKnownFileType = sourcecode.c.h; path = IPaGLSprite3D.h; sourceTree = "<group>"; };
		6E6211F81A7B3ED70041DFBA /* IPaGLSprite3D.m */ = {isa = PBXFileReference; fileEncoding = 4; lastKnownFileType = sourcecode.c.objc; path = IPaGLSprite3D.m; sourceTree = "<group>"; };
		6E6211FB1A7B3F1A0041DFBA /* IPaGLSprite3DRenderer.h */ = {isa = PBXFileReference; fileEncoding = 4; lastKnownFileType = sourcecode.c.h; path = IPaGLSprite3DRenderer.h; sourceTree = "<group>"; };
		6E6211FC1A7B3F1A0041DFBA /* IPaGLSprite3DRenderer.m */ = {isa = PBXFileReference; fileEncoding = 4; lastKnownFileType = sourcecode.c.objc; path = IPaGLSprite3DRenderer.m; sourceTree = "<group>"; };
		6E64EDFB1A78D25100A99C05 /* IPaGLTrangleFan2D.h */ = {isa = PBXFileReference; fileEncoding = 4; lastKnownFileType = sourcecode.c.h; path = IPaGLTrangleFan2D.h; sourceTree = "<group>"; };
		6E64EDFC1A78D25100A99C05 /* IPaGLTrangleFan2D.m */ = {isa = PBXFileReference; fileEncoding = 4; lastKnownFileType = sourcecode.c.objc; path = IPaGLTrangleFan2D.m; sourceTree = "<group>"; };
		6E64EDFF1A78D26C00A99C05 /* IPaGLTrangleFan2DRenderer.h */ = {isa = PBXFileReference; fileEncoding = 4; lastKnownFileType = sourcecode.c.h; path = IPaGLTrangleFan2DRenderer.h; sourceTree = "<group>"; };
		6E64EE001A78D26C00A99C05 /* IPaGLTrangleFan2DRenderer.m */ = {isa = PBXFileReference; fileEncoding = 4; lastKnownFileType = sourcecode.c.objc; path = IPaGLTrangleFan2DRenderer.m; sourceTree = "<group>"; };
		6EAAC20F1A6CF58C00691292 /* IPaGLPerspectiveSprite2DRenderer.h */ = {isa = PBXFileReference; fileEncoding = 4; lastKnownFileType = sourcecode.c.h; path = IPaGLPerspectiveSprite2DRenderer.h; sourceTree = "<group>"; };
		6EAAC2101A6CF58C00691292 /* IPaGLPerspectiveSprite2DRenderer.m */ = {isa = PBXFileReference; fileEncoding = 4; lastKnownFileType = sourcecode.c.objc; path = IPaGLPerspectiveSprite2DRenderer.m; sourceTree = "<group>"; };
		6EBD79AE1822BCBC00A63EDC /* IPaGLEngine.framework */ = {isa = PBXFileReference; explicitFileType = wrapper.cfbundle; includeInIndex = 0; path = IPaGLEngine.framework; sourceTree = BUILT_PRODUCTS_DIR; };
		6EBD79B41822BCBC00A63EDC /* IPaGLEngine-Info.plist */ = {isa = PBXFileReference; lastKnownFileType = text.plist.xml; path = "IPaGLEngine-Info.plist"; sourceTree = "<group>"; };
		6EBD79B61822BCBC00A63EDC /* en */ = {isa = PBXFileReference; lastKnownFileType = text.plist.strings; name = en; path = en.lproj/InfoPlist.strings; sourceTree = "<group>"; };
		6EBD79B81822BCBC00A63EDC /* IPaGLEngine-Prefix.pch */ = {isa = PBXFileReference; lastKnownFileType = sourcecode.c.h; path = "IPaGLEngine-Prefix.pch"; sourceTree = "<group>"; };
		6EBD79C11822BD1500A63EDC /* IPaGLEffect.h */ = {isa = PBXFileReference; fileEncoding = 4; lastKnownFileType = sourcecode.c.h; path = IPaGLEffect.h; sourceTree = "<group>"; };
		6EBD79C21822BD1500A63EDC /* IPaGLEffect.m */ = {isa = PBXFileReference; fileEncoding = 4; lastKnownFileType = sourcecode.c.objc; path = IPaGLEffect.m; sourceTree = "<group>"; };
		6EBD79C31822BD1500A63EDC /* IPaGLEngine.h */ = {isa = PBXFileReference; fileEncoding = 4; lastKnownFileType = sourcecode.c.h; path = IPaGLEngine.h; sourceTree = "<group>"; };
		6EBD79C41822BD1500A63EDC /* IPaGLEngine.m */ = {isa = PBXFileReference; fileEncoding = 4; lastKnownFileType = sourcecode.c.objc; path = IPaGLEngine.m; sourceTree = "<group>"; };
		6EBD79C51822BD1500A63EDC /* IPaGLFilterSprite2DRenderer.h */ = {isa = PBXFileReference; fileEncoding = 4; lastKnownFileType = sourcecode.c.h; path = IPaGLFilterSprite2DRenderer.h; sourceTree = "<group>"; };
		6EBD79C61822BD1500A63EDC /* IPaGLFilterSprite2DRenderer.m */ = {isa = PBXFileReference; fileEncoding = 4; lastKnownFileType = sourcecode.c.objc; path = IPaGLFilterSprite2DRenderer.m; sourceTree = "<group>"; };
		6EBD79C71822BD1500A63EDC /* IPaGLFramebufferTexture.h */ = {isa = PBXFileReference; fileEncoding = 4; lastKnownFileType = sourcecode.c.h; path = IPaGLFramebufferTexture.h; sourceTree = "<group>"; };
		6EBD79C81822BD1500A63EDC /* IPaGLFramebufferTexture.m */ = {isa = PBXFileReference; fileEncoding = 4; lastKnownFileType = sourcecode.c.objc; path = IPaGLFramebufferTexture.m; sourceTree = "<group>"; };
		6EBD79C91822BD1500A63EDC /* IPaGLGooEffect.h */ = {isa = PBXFileReference; fileEncoding = 4; lastKnownFileType = sourcecode.c.h; path = IPaGLGooEffect.h; sourceTree = "<group>"; };
		6EBD79CA1822BD1500A63EDC /* IPaGLGooEffect.m */ = {isa = PBXFileReference; fileEncoding = 4; lastKnownFileType = sourcecode.c.objc; path = IPaGLGooEffect.m; sourceTree = "<group>"; };
		6EBD79CB1822BD1500A63EDC /* IPaGLMaterial.h */ = {isa = PBXFileReference; fileEncoding = 4; lastKnownFileType = sourcecode.c.h; path = IPaGLMaterial.h; sourceTree = "<group>"; };
		6EBD79CC1822BD1500A63EDC /* IPaGLMaterial.m */ = {isa = PBXFileReference; fileEncoding = 4; lastKnownFileType = sourcecode.c.objc; path = IPaGLMaterial.m; sourceTree = "<group>"; };
		6EBD79CF1822BD1500A63EDC /* IPaGLRenderSource.h */ = {isa = PBXFileReference; fileEncoding = 4; lastKnownFileType = sourcecode.c.h; path = IPaGLRenderSource.h; sourceTree = "<group>"; };
		6EBD79D01822BD1500A63EDC /* IPaGLRenderSource.m */ = {isa = PBXFileReference; fileEncoding = 4; lastKnownFileType = sourcecode.c.objc; path = IPaGLRenderSource.m; sourceTree = "<group>"; };
		6EBD79D11822BD1500A63EDC /* IPaGLSprite2D.h */ = {isa = PBXFileReference; fileEncoding = 4; lastKnownFileType = sourcecode.c.h; path = IPaGLSprite2D.h; sourceTree = "<group>"; };
		6EBD79D21822BD1500A63EDC /* IPaGLSprite2D.m */ = {isa = PBXFileReference; fileEncoding = 4; lastKnownFileType = sourcecode.c.objc; path = IPaGLSprite2D.m; sourceTree = "<group>"; };
		6EBD79D31822BD1500A63EDC /* IPaGLSprite2DAction.h */ = {isa = PBXFileReference; fileEncoding = 4; lastKnownFileType = sourcecode.c.h; path = IPaGLSprite2DAction.h; sourceTree = "<group>"; };
		6EBD79D41822BD1500A63EDC /* IPaGLSprite2DAction.m */ = {isa = PBXFileReference; fileEncoding = 4; lastKnownFileType = sourcecode.c.objc; path = IPaGLSprite2DAction.m; sourceTree = "<group>"; };
		6EBD79D71822BD1500A63EDC /* IPaGLTexture.h */ = {isa = PBXFileReference; fileEncoding = 4; lastKnownFileType = sourcecode.c.h; path = IPaGLTexture.h; sourceTree = "<group>"; };
		6EBD79D81822BD1500A63EDC /* IPaGLTexture.m */ = {isa = PBXFileReference; fileEncoding = 4; lastKnownFileType = sourcecode.c.objc; path = IPaGLTexture.m; sourceTree = "<group>"; };
		6EBD79D91822BD1500A63EDC /* IPaGLToonRenderer.h */ = {isa = PBXFileReference; fileEncoding = 4; lastKnownFileType = sourcecode.c.h; path = IPaGLToonRenderer.h; sourceTree = "<group>"; };
		6EBD79DA1822BD1500A63EDC /* IPaGLToonRenderer.m */ = {isa = PBXFileReference; fileEncoding = 4; lastKnownFileType = sourcecode.c.objc; path = IPaGLToonRenderer.m; sourceTree = "<group>"; };
		6EBD79DB1822BD1500A63EDC /* IPaGLVertexIndexes.h */ = {isa = PBXFileReference; fileEncoding = 4; lastKnownFileType = sourcecode.c.h; path = IPaGLVertexIndexes.h; sourceTree = "<group>"; };
		6EBD79DC1822BD1500A63EDC /* IPaGLVertexIndexes.m */ = {isa = PBXFileReference; fileEncoding = 4; lastKnownFileType = sourcecode.c.objc; path = IPaGLVertexIndexes.m; sourceTree = "<group>"; };
		6EBD79DD1822BD1500A63EDC /* IPaGLWaterRippleEffect.h */ = {isa = PBXFileReference; fileEncoding = 4; lastKnownFileType = sourcecode.c.h; path = IPaGLWaterRippleEffect.h; sourceTree = "<group>"; };
		6EBD79DE1822BD1500A63EDC /* IPaGLWaterRippleEffect.m */ = {isa = PBXFileReference; fileEncoding = 4; lastKnownFileType = sourcecode.c.objc; path = IPaGLWaterRippleEffect.m; sourceTree = "<group>"; };
		6EBD79DF1822BD1500A63EDC /* IPaGLWavefrontObj.h */ = {isa = PBXFileReference; fileEncoding = 4; lastKnownFileType = sourcecode.c.h; path = IPaGLWavefrontObj.h; sourceTree = "<group>"; };
		6EBD79E01822BD1500A63EDC /* IPaGLWavefrontObj.m */ = {isa = PBXFileReference; fileEncoding = 4; lastKnownFileType = sourcecode.c.objc; path = IPaGLWavefrontObj.m; sourceTree = "<group>"; };
		6EBD79E11822BD1500A63EDC /* IPaGLWavefrontObjRenderer.h */ = {isa = PBXFileReference; fileEncoding = 4; lastKnownFileType = sourcecode.c.h; path = IPaGLWavefrontObjRenderer.h; sourceTree = "<group>"; };
		6EBD79E21822BD1500A63EDC /* IPaGLWavefrontObjRenderer.m */ = {isa = PBXFileReference; fileEncoding = 4; lastKnownFileType = sourcecode.c.objc; path = IPaGLWavefrontObjRenderer.m; sourceTree = "<group>"; };
		6EBD79E31822BD1500A63EDC /* IPaGLWavefrontObjRenderGroup.h */ = {isa = PBXFileReference; fileEncoding = 4; lastKnownFileType = sourcecode.c.h; path = IPaGLWavefrontObjRenderGroup.h; sourceTree = "<group>"; };
		6EBD79E41822BD1500A63EDC /* IPaGLWavefrontObjRenderGroup.m */ = {isa = PBXFileReference; fileEncoding = 4; lastKnownFileType = sourcecode.c.objc; path = IPaGLWavefrontObjRenderGroup.m; sourceTree = "<group>"; };
/* End PBXFileReference section */

/* Begin PBXFrameworksBuildPhase section */
		6EBD79AA1822BCBC00A63EDC /* Frameworks */ = {
			isa = PBXFrameworksBuildPhase;
			buildActionMask = 2147483647;
			files = (
			);
			runOnlyForDeploymentPostprocessing = 0;
		};
/* End PBXFrameworksBuildPhase section */

/* Begin PBXGroup section */
		6E2E192A1A5FCECE0061CB68 /* IPaGLCamera */ = {
			isa = PBXGroup;
			children = (
				6E2E192B1A5FD1720061CB68 /* IPaGLCamera.h */,
				6E2E192C1A5FD1720061CB68 /* IPaGLCamera.m */,
				6E6062E51A7A3D3100BEAE8B /* IPaGLEntityRenderer.h */,
				6E6062E61A7A3D3100BEAE8B /* IPaGLEntityRenderer.m */,
				6E4950451A5FE39C00EEE0AD /* IPaGLEntity.h */,
				6E4950461A5FE39C00EEE0AD /* IPaGLEntity.m */,
				6E6211FF1A7B3F1E0041DFBA /* IPaGLSprite3D */,
			);
			name = IPaGLCamera;
			sourceTree = "<group>";
		};
		6E5F8F891A70A06600490CD0 /* IPaGLPoints2D */ = {
			isa = PBXGroup;
			children = (
				6E5F8F8A1A70A0C300490CD0 /* IPaGLPoints2D.h */,
				6E5F8F8B1A70A0C300490CD0 /* IPaGLPoints2D.m */,
				6E5F8F8E1A70A73F00490CD0 /* IPaGLPoints2DRenderer.h */,
				6E5F8F8F1A70A73F00490CD0 /* IPaGLPoints2DRenderer.m */,
			);
			name = IPaGLPoints2D;
			sourceTree = "<group>";
		};
		6E5F8F921A70A74D00490CD0 /* IPaGLWavefrontObjRenderer */ = {
			isa = PBXGroup;
			children = (
				6EBD79E11822BD1500A63EDC /* IPaGLWavefrontObjRenderer.h */,
				6EBD79E21822BD1500A63EDC /* IPaGLWavefrontObjRenderer.m */,
				6EBD79E31822BD1500A63EDC /* IPaGLWavefrontObjRenderGroup.h */,
				6EBD79E41822BD1500A63EDC /* IPaGLWavefrontObjRenderGroup.m */,
				6EBD79D91822BD1500A63EDC /* IPaGLToonRenderer.h */,
				6EBD79DA1822BD1500A63EDC /* IPaGLToonRenderer.m */,
			);
			name = IPaGLWavefrontObjRenderer;
			sourceTree = "<group>";
		};
		6E6062DF1A79E60400BEAE8B /* IPaGLPath2D */ = {
			isa = PBXGroup;
			children = (
				6E6062DB1A79E5FA00BEAE8B /* IPaGLPath2D.h */,
				6E6062DC1A79E5FA00BEAE8B /* IPaGLPath2D.m */,
				6E6062E01A79EA4700BEAE8B /* IPaGLPath2DContainer.h */,
				6E6062E11A79EA4700BEAE8B /* IPaGLPath2DContainer.m */,
				6E5F8F891A70A06600490CD0 /* IPaGLPoints2D */,
				6E64EDFA1A78D20500A99C05 /* IPaGLTrangleFan2D */,
			);
			name = IPaGLPath2D;
			sourceTree = "<group>";
		};
		6E6062E41A7A247300BEAE8B /* IPaGL3D */ = {
			isa = PBXGroup;
			children = (
				6E2E192A1A5FCECE0061CB68 /* IPaGLCamera */,
			);
			name = IPaGL3D;
			sourceTree = "<group>";
		};
		6E612D5B1A6E3C40001420A2 /* IPaGLPerspectiveSprite2D */ = {
			isa = PBXGroup;
			children = (
				6E2BDA841A64FC5000FE959D /* IPaGLPerspectiveSprite2D.h */,
				6E2BDA851A64FC5000FE959D /* IPaGLPerspectiveSprite2D.m */,
				6EAAC20F1A6CF58C00691292 /* IPaGLPerspectiveSprite2DRenderer.h */,
				6EAAC2101A6CF58C00691292 /* IPaGLPerspectiveSprite2DRenderer.m */,
			);
			name = IPaGLPerspectiveSprite2D;
			sourceTree = "<group>";
		};
		6E6211FF1A7B3F1E0041DFBA /* IPaGLSprite3D */ = {
			isa = PBXGroup;
			children = (
				6E6211F71A7B3ED70041DFBA /* IPaGLSprite3D.h */,
				6E6211F81A7B3ED70041DFBA /* IPaGLSprite3D.m */,
				6E6211FB1A7B3F1A0041DFBA /* IPaGLSprite3DRenderer.h */,
				6E6211FC1A7B3F1A0041DFBA /* IPaGLSprite3DRenderer.m */,
			);
			name = IPaGLSprite3D;
			sourceTree = "<group>";
		};
		6E64EDFA1A78D20500A99C05 /* IPaGLTrangleFan2D */ = {
			isa = PBXGroup;
			children = (
				6E64EDFB1A78D25100A99C05 /* IPaGLTrangleFan2D.h */,
				6E64EDFC1A78D25100A99C05 /* IPaGLTrangleFan2D.m */,
				6E64EDFF1A78D26C00A99C05 /* IPaGLTrangleFan2DRenderer.h */,
				6E64EE001A78D26C00A99C05 /* IPaGLTrangleFan2DRenderer.m */,
			);
			name = IPaGLTrangleFan2D;
			sourceTree = "<group>";
		};
		6EAF83041A77941B003A9D67 /* IPaGL2D */ = {
			isa = PBXGroup;
			children = (
				6EBD7A0C1822BE9600A63EDC /* IPaGLEffect */,
				6E5F8F931A70A81C00490CD0 /* IPaGLShader2DRenderer.h */,
				6E5F8F941A70A81C00490CD0 /* IPaGLShader2DRenderer.m */,
				6E612D5B1A6E3C40001420A2 /* IPaGLPerspectiveSprite2D */,
				6EBD7A0D1822BF0D00A63EDC /* IPaGLSprite2D */,
				6E6062DF1A79E60400BEAE8B /* IPaGLPath2D */,
			);
			name = IPaGL2D;
			sourceTree = "<group>";
		};
		6EBD79A41822BCBC00A63EDC = {
			isa = PBXGroup;
			children = (
				6EBD79B21822BCBC00A63EDC /* IPaGLEngine */,
				6EBD79AF1822BCBC00A63EDC /* Products */,
			);
			sourceTree = "<group>";
		};
		6EBD79AF1822BCBC00A63EDC /* Products */ = {
			isa = PBXGroup;
			children = (
				6EBD79AE1822BCBC00A63EDC /* IPaGLEngine.framework */,
			);
			name = Products;
			sourceTree = "<group>";
		};
		6EBD79B21822BCBC00A63EDC /* IPaGLEngine */ = {
			isa = PBXGroup;
			children = (
				6EBD79C31822BD1500A63EDC /* IPaGLEngine.h */,
				6EBD79C41822BD1500A63EDC /* IPaGLEngine.m */,
				6EBD7A091822BDA700A63EDC /* IPaGL */,
				6E6062E41A7A247300BEAE8B /* IPaGL3D */,
				6EAF83041A77941B003A9D67 /* IPaGL2D */,
				6EBD7A0F1822BF6900A63EDC /* IPaGLFramebufferTexture */,
				6EBD7A0B1822BE4C00A63EDC /* IPaGLWavefrontObj */,
				6EBD79B31822BCBC00A63EDC /* Supporting Files */,
			);
			path = IPaGLEngine;
			sourceTree = "<group>";
		};
		6EBD79B31822BCBC00A63EDC /* Supporting Files */ = {
			isa = PBXGroup;
			children = (
				6EBD79B41822BCBC00A63EDC /* IPaGLEngine-Info.plist */,
				6EBD79B51822BCBC00A63EDC /* InfoPlist.strings */,
				6EBD79B81822BCBC00A63EDC /* IPaGLEngine-Prefix.pch */,
			);
			name = "Supporting Files";
			sourceTree = "<group>";
		};
		6EBD7A091822BDA700A63EDC /* IPaGL */ = {
			isa = PBXGroup;
			children = (
				6EBD79CB1822BD1500A63EDC /* IPaGLMaterial.h */,
				6EBD79CC1822BD1500A63EDC /* IPaGLMaterial.m */,
				6EBD79CF1822BD1500A63EDC /* IPaGLRenderSource.h */,
				6EBD79D01822BD1500A63EDC /* IPaGLRenderSource.m */,
				6EBD79D71822BD1500A63EDC /* IPaGLTexture.h */,
				6EBD79D81822BD1500A63EDC /* IPaGLTexture.m */,
				6EBD79DB1822BD1500A63EDC /* IPaGLVertexIndexes.h */,
				6EBD79DC1822BD1500A63EDC /* IPaGLVertexIndexes.m */,
				6EBD7A0A1822BDC100A63EDC /* IPaGLRenderer */,
			);
			name = IPaGL;
			sourceTree = "<group>";
		};
		6EBD7A0A1822BDC100A63EDC /* IPaGLRenderer */ = {
			isa = PBXGroup;
			children = (
				6E2E192F1A5FD74B0061CB68 /* IPaGLShaderRenderer.h */,
				6E2E19301A5FD74B0061CB68 /* IPaGLShaderRenderer.m */,
				6E2E19331A5FD7EB0061CB68 /* IPaGLKitRenderer.h */,
				6E2E19341A5FD7EB0061CB68 /* IPaGLKitRenderer.m */,
			);
			name = IPaGLRenderer;
			sourceTree = "<group>";
		};
		6EBD7A0B1822BE4C00A63EDC /* IPaGLWavefrontObj */ = {
			isa = PBXGroup;
			children = (
				6EBD79DF1822BD1500A63EDC /* IPaGLWavefrontObj.h */,
				6EBD79E01822BD1500A63EDC /* IPaGLWavefrontObj.m */,
				6E5F8F921A70A74D00490CD0 /* IPaGLWavefrontObjRenderer */,
			);
			name = IPaGLWavefrontObj;
			sourceTree = "<group>";
		};
		6EBD7A0C1822BE9600A63EDC /* IPaGLEffect */ = {
			isa = PBXGroup;
			children = (
				6EBD79C11822BD1500A63EDC /* IPaGLEffect.h */,
				6EBD79C21822BD1500A63EDC /* IPaGLEffect.m */,
				6EBD79C91822BD1500A63EDC /* IPaGLGooEffect.h */,
				6EBD79CA1822BD1500A63EDC /* IPaGLGooEffect.m */,
				6EBD79DD1822BD1500A63EDC /* IPaGLWaterRippleEffect.h */,
				6EBD79DE1822BD1500A63EDC /* IPaGLWaterRippleEffect.m */,
			);
			name = IPaGLEffect;
			sourceTree = "<group>";
		};
		6EBD7A0D1822BF0D00A63EDC /* IPaGLSprite2D */ = {
			isa = PBXGroup;
			children = (
				6EBD79D11822BD1500A63EDC /* IPaGLSprite2D.h */,
				6EBD79D21822BD1500A63EDC /* IPaGLSprite2D.m */,
				6EBD79D31822BD1500A63EDC /* IPaGLSprite2DAction.h */,
				6EBD79D41822BD1500A63EDC /* IPaGLSprite2DAction.m */,
				6EBD7A0E1822BF2100A63EDC /* IPaGLSprite2DRenderer */,
			);
			name = IPaGLSprite2D;
			sourceTree = "<group>";
		};
		6EBD7A0E1822BF2100A63EDC /* IPaGLSprite2DRenderer */ = {
			isa = PBXGroup;
			children = (
				6EBD79C51822BD1500A63EDC /* IPaGLFilterSprite2DRenderer.h */,
				6EBD79C61822BD1500A63EDC /* IPaGLFilterSprite2DRenderer.m */,
				6E2E193B1A5FD9530061CB68 /* IPaGLSprite2DRenderer.h */,
				6E2E193C1A5FD9530061CB68 /* IPaGLSprite2DRenderer.m */,
			);
			name = IPaGLSprite2DRenderer;
			sourceTree = "<group>";
		};
		6EBD7A0F1822BF6900A63EDC /* IPaGLFramebufferTexture */ = {
			isa = PBXGroup;
			children = (
				6EBD79C71822BD1500A63EDC /* IPaGLFramebufferTexture.h */,
				6EBD79C81822BD1500A63EDC /* IPaGLFramebufferTexture.m */,
			);
			name = IPaGLFramebufferTexture;
			sourceTree = "<group>";
		};
/* End PBXGroup section */

/* Begin PBXHeadersBuildPhase section */
		6EBD79AB1822BCBC00A63EDC /* Headers */ = {
			isa = PBXHeadersBuildPhase;
			buildActionMask = 2147483647;
			files = (
				6EBD79E91822BD1500A63EDC /* IPaGLFilterSprite2DRenderer.h in Headers */,
				6EBD7A011822BD1500A63EDC /* IPaGLWaterRippleEffect.h in Headers */,
				6E64EDFD1A78D25100A99C05 /* IPaGLTrangleFan2D.h in Headers */,
				6EBD79FF1822BD1500A63EDC /* IPaGLVertexIndexes.h in Headers */,
				6EBD7A071822BD1500A63EDC /* IPaGLWavefrontObjRenderGroup.h in Headers */,
				6E6211FD1A7B3F1A0041DFBA /* IPaGLSprite3DRenderer.h in Headers */,
				6E6062E21A79EA4700BEAE8B /* IPaGLPath2DContainer.h in Headers */,
				6EBD79ED1822BD1500A63EDC /* IPaGLGooEffect.h in Headers */,
				6E4950471A5FE39C00EEE0AD /* IPaGLEntity.h in Headers */,
				6EBD79FB1822BD1500A63EDC /* IPaGLTexture.h in Headers */,
				6EBD79E71822BD1500A63EDC /* IPaGLEngine.h in Headers */,
				6E6211F91A7B3ED70041DFBA /* IPaGLSprite3D.h in Headers */,
				6E2E192D1A5FD1720061CB68 /* IPaGLCamera.h in Headers */,
				6E2E193D1A5FD9530061CB68 /* IPaGLSprite2DRenderer.h in Headers */,
				6E6062E71A7A3D3100BEAE8B /* IPaGLEntityRenderer.h in Headers */,
				6E6062DD1A79E5FA00BEAE8B /* IPaGLPath2D.h in Headers */,
				6E5F8F901A70A73F00490CD0 /* IPaGLPoints2DRenderer.h in Headers */,
				6EBD79EF1822BD1500A63EDC /* IPaGLMaterial.h in Headers */,
				6EBD79F51822BD1500A63EDC /* IPaGLSprite2D.h in Headers */,
				6E2E19351A5FD7EB0061CB68 /* IPaGLKitRenderer.h in Headers */,
				6EAAC2111A6CF58C00691292 /* IPaGLPerspectiveSprite2DRenderer.h in Headers */,
				6EBD79FD1822BD1500A63EDC /* IPaGLToonRenderer.h in Headers */,
				6EBD79F71822BD1500A63EDC /* IPaGLSprite2DAction.h in Headers */,
				6EBD7A051822BD1500A63EDC /* IPaGLWavefrontObjRenderer.h in Headers */,
				6E5F8F8C1A70A0C300490CD0 /* IPaGLPoints2D.h in Headers */,
				6E5F8F951A70A81C00490CD0 /* IPaGLShader2DRenderer.h in Headers */,
				6E2E19311A5FD74B0061CB68 /* IPaGLShaderRenderer.h in Headers */,
				6EBD79EB1822BD1500A63EDC /* IPaGLFramebufferTexture.h in Headers */,
				6EBD79E51822BD1500A63EDC /* IPaGLEffect.h in Headers */,
				6EBD7A031822BD1500A63EDC /* IPaGLWavefrontObj.h in Headers */,
				6E64EE011A78D26C00A99C05 /* IPaGLTrangleFan2DRenderer.h in Headers */,
				6EBD79F31822BD1500A63EDC /* IPaGLRenderSource.h in Headers */,
				6E2BDA861A64FC5000FE959D /* IPaGLPerspectiveSprite2D.h in Headers */,
			);
			runOnlyForDeploymentPostprocessing = 0;
		};
/* End PBXHeadersBuildPhase section */

/* Begin PBXNativeTarget section */
		6EBD79AD1822BCBC00A63EDC /* IPaGLEngine */ = {
			isa = PBXNativeTarget;
			buildConfigurationList = 6EBD79BB1822BCBC00A63EDC /* Build configuration list for PBXNativeTarget "IPaGLEngine" */;
			buildPhases = (
				6EBD79A91822BCBC00A63EDC /* Sources */,
				6EBD79AA1822BCBC00A63EDC /* Frameworks */,
				6EBD79AB1822BCBC00A63EDC /* Headers */,
				6EBD79AC1822BCBC00A63EDC /* Resources */,
			);
			buildRules = (
			);
			dependencies = (
			);
			name = IPaGLEngine;
			productName = IPaGLEngine;
			productReference = 6EBD79AE1822BCBC00A63EDC /* IPaGLEngine.framework */;
			productType = "com.apple.product-type.bundle";
		};
/* End PBXNativeTarget section */

/* Begin PBXProject section */
		6EBD79A51822BCBC00A63EDC /* Project object */ = {
			isa = PBXProject;
			attributes = {
				LastUpgradeCheck = 0510;
				ORGANIZATIONNAME = IPaPa;
			};
			buildConfigurationList = 6EBD79A81822BCBC00A63EDC /* Build configuration list for PBXProject "IPaGLEngine" */;
			compatibilityVersion = "Xcode 3.2";
			developmentRegion = English;
			hasScannedForEncodings = 0;
			knownRegions = (
				en,
			);
			mainGroup = 6EBD79A41822BCBC00A63EDC;
			productRefGroup = 6EBD79AF1822BCBC00A63EDC /* Products */;
			projectDirPath = "";
			projectRoot = "";
			targets = (
				6EBD79AD1822BCBC00A63EDC /* IPaGLEngine */,
				6EBD79B11822BCBC00A63EDC /* IPaGLEngineUniversalFramework */,
			);
		};
/* End PBXProject section */

/* Begin PBXResourcesBuildPhase section */
		6EBD79AC1822BCBC00A63EDC /* Resources */ = {
			isa = PBXResourcesBuildPhase;
			buildActionMask = 2147483647;
			files = (
				6EBD79B71822BCBC00A63EDC /* InfoPlist.strings in Resources */,
			);
			runOnlyForDeploymentPostprocessing = 0;
		};
/* End PBXResourcesBuildPhase section */

/* Begin PBXShellScriptBuildPhase section */
		6EBD79B01822BCBC00A63EDC /* ShellScript */ = {
			isa = PBXShellScriptBuildPhase;
			buildActionMask = 2147483647;
			files = (
			);
			inputPaths = (
			);
			outputPaths = (
			);
			runOnlyForDeploymentPostprocessing = 0;
			shellPath = /bin/sh;
			shellScript = "# Sets the target folders and the final framework product.\nFMK_NAME=${PRODUCT_NAME}\nFMK_VERSION=A\n\n# Install dir will be the final output to the framework.\n# The following line create it in the root folder of the current project.\nINSTALL_DIR=${SRCROOT}/Products/${FMK_NAME}.framework\n\n# Working dir will be deleted after the framework creation.\nWRK_DIR=build\nDEVICE_DIR=${WRK_DIR}/Release-iphoneos/${FMK_NAME}.framework\nSIMULATOR_DIR=${WRK_DIR}/Release-iphonesimulator/${FMK_NAME}.framework\n\n# Building both architectures.\nxcodebuild -configuration \"Release\" -target \"${FMK_NAME}\" -sdk iphoneos\nxcodebuild -configuration \"Release\" -target \"${FMK_NAME}\" -sdk iphonesimulator\n\n# Cleaning the oldest.\nif [ -d \"${INSTALL_DIR}\" ]\nthen\nrm -rf \"${INSTALL_DIR}\"\nfi\n\n# Creates and renews the final product folder.\nmkdir -p \"${INSTALL_DIR}\"\nmkdir -p \"${INSTALL_DIR}/Versions\"\nmkdir -p \"${INSTALL_DIR}/Versions/${FMK_VERSION}\"\nmkdir -p \"${INSTALL_DIR}/Versions/${FMK_VERSION}/Resources\"\nmkdir -p \"${INSTALL_DIR}/Versions/${FMK_VERSION}/Headers\"\n\n# Creates the internal links.\n# It MUST uses relative path, otherwise will not work when the folder is copied/moved.\nln -s \"${FMK_VERSION}\" \"${INSTALL_DIR}/Versions/Current\"\nln -s \"Versions/Current/Headers\" \"${INSTALL_DIR}/Headers\"\nln -s \"Versions/Current/Resources\" \"${INSTALL_DIR}/Resources\"\nln -s \"Versions/Current/${FMK_NAME}\" \"${INSTALL_DIR}/${FMK_NAME}\"\n\n# Copies the headers and resources files to the final product folder.\ncp -R \"${DEVICE_DIR}/Headers/\" \"${INSTALL_DIR}/Versions/${FMK_VERSION}/Headers/\"\ncp -R \"${DEVICE_DIR}/\" \"${INSTALL_DIR}/Versions/${FMK_VERSION}/Resources/\"\n\n# Removes the binary and header from the resources folder.\nrm -r \"${INSTALL_DIR}/Versions/${FMK_VERSION}/Resources/Headers\" \"${INSTALL_DIR}/Versions/${FMK_VERSION}/Resources/${FMK_NAME}\"\n\n# Uses the Lipo Tool to merge both binary files (i386 + armv6/armv7) into one Universal final product.\nlipo -create \"${DEVICE_DIR}/${FMK_NAME}\" \"${SIMULATOR_DIR}/${FMK_NAME}\" -output \"${INSTALL_DIR}/Versions/${FMK_VERSION}/${FMK_NAME}\"\n\nrm -r \"${WRK_DIR}\"";
		};
/* End PBXShellScriptBuildPhase section */

/* Begin PBXSourcesBuildPhase section */
		6EBD79A91822BCBC00A63EDC /* Sources */ = {
			isa = PBXSourcesBuildPhase;
			buildActionMask = 2147483647;
			files = (
				6E6211FE1A7B3F1A0041DFBA /* IPaGLSprite3DRenderer.m in Sources */,
				6E6062E81A7A3D3100BEAE8B /* IPaGLEntityRenderer.m in Sources */,
				6EBD79F81822BD1500A63EDC /* IPaGLSprite2DAction.m in Sources */,
				6EBD79FE1822BD1500A63EDC /* IPaGLToonRenderer.m in Sources */,
				6EBD7A041822BD1500A63EDC /* IPaGLWavefrontObj.m in Sources */,
				6E5F8F9F1A70FCE700490CD0 /* IPaGLPoints2DRenderer.m in Sources */,
				6E6211FA1A7B3ED70041DFBA /* IPaGLSprite3D.m in Sources */,
				6E6062DE1A79E5FA00BEAE8B /* IPaGLPath2D.m in Sources */,
				6EBD79F01822BD1500A63EDC /* IPaGLMaterial.m in Sources */,
				6E5F8F961A70A81C00490CD0 /* IPaGLShader2DRenderer.m in Sources */,
				6EBD7A081822BD1500A63EDC /* IPaGLWavefrontObjRenderGroup.m in Sources */,
				6EBD7A061822BD1500A63EDC /* IPaGLWavefrontObjRenderer.m in Sources */,
				6EBD79EA1822BD1500A63EDC /* IPaGLFilterSprite2DRenderer.m in Sources */,
				6EBD79FC1822BD1500A63EDC /* IPaGLTexture.m in Sources */,
				6EAAC2121A6CF58C00691292 /* IPaGLPerspectiveSprite2DRenderer.m in Sources */,
				6E2E193E1A5FD9530061CB68 /* IPaGLSprite2DRenderer.m in Sources */,
				6E2E192E1A5FD1720061CB68 /* IPaGLCamera.m in Sources */,
				6EBD79EE1822BD1500A63EDC /* IPaGLGooEffect.m in Sources */,
				6EBD79F61822BD1500A63EDC /* IPaGLSprite2D.m in Sources */,
				6EBD79F41822BD1500A63EDC /* IPaGLRenderSource.m in Sources */,
				6E4950481A5FE39C00EEE0AD /* IPaGLEntity.m in Sources */,
				6E2BDA871A64FC5000FE959D /* IPaGLPerspectiveSprite2D.m in Sources */,
				6EBB8ECE1A7597AD0034F0C9 /* IPaGLPoints2D.m in Sources */,
				6EBD79E61822BD1500A63EDC /* IPaGLEffect.m in Sources */,
				6EBD7A021822BD1500A63EDC /* IPaGLWaterRippleEffect.m in Sources */,
				6EBD79E81822BD1500A63EDC /* IPaGLEngine.m in Sources */,
				6E64EE021A78D26C00A99C05 /* IPaGLTrangleFan2DRenderer.m in Sources */,
				6E6062E31A79EA4700BEAE8B /* IPaGLPath2DContainer.m in Sources */,
				6EBD7A001822BD1500A63EDC /* IPaGLVertexIndexes.m in Sources */,
				6EBD79EC1822BD1500A63EDC /* IPaGLFramebufferTexture.m in Sources */,
				6E2E19321A5FD74B0061CB68 /* IPaGLShaderRenderer.m in Sources */,
				6E2E19361A5FD7EB0061CB68 /* IPaGLKitRenderer.m in Sources */,
				6E64EDFE1A78D25100A99C05 /* IPaGLTrangleFan2D.m in Sources */,
			);
			runOnlyForDeploymentPostprocessing = 0;
		};
/* End PBXSourcesBuildPhase section */

/* Begin PBXVariantGroup section */
		6EBD79B51822BCBC00A63EDC /* InfoPlist.strings */ = {
			isa = PBXVariantGroup;
			children = (
				6EBD79B61822BCBC00A63EDC /* en */,
			);
			name = InfoPlist.strings;
			sourceTree = "<group>";
		};
/* End PBXVariantGroup section */

/* Begin XCBuildConfiguration section */
		6EBD79B91822BCBC00A63EDC /* Debug */ = {
			isa = XCBuildConfiguration;
			buildSettings = {
				ALWAYS_SEARCH_USER_PATHS = NO;
				CLANG_CXX_LANGUAGE_STANDARD = "gnu++0x";
				CLANG_CXX_LIBRARY = "libc++";
				CLANG_ENABLE_MODULES = YES;
				CLANG_ENABLE_OBJC_ARC = YES;
				CLANG_WARN_BOOL_CONVERSION = YES;
				CLANG_WARN_CONSTANT_CONVERSION = YES;
				CLANG_WARN_DIRECT_OBJC_ISA_USAGE = YES_ERROR;
				CLANG_WARN_EMPTY_BODY = YES;
				CLANG_WARN_ENUM_CONVERSION = YES;
				CLANG_WARN_INT_CONVERSION = YES;
				CLANG_WARN_OBJC_ROOT_CLASS = YES_ERROR;
				CLANG_WARN__DUPLICATE_METHOD_MATCH = YES;
				COPY_PHASE_STRIP = NO;
				GCC_C_LANGUAGE_STANDARD = gnu99;
				GCC_DYNAMIC_NO_PIC = NO;
				GCC_OPTIMIZATION_LEVEL = 0;
				GCC_PREPROCESSOR_DEFINITIONS = (
					"DEBUG=1",
					"$(inherited)",
				);
				GCC_SYMBOLS_PRIVATE_EXTERN = NO;
				GCC_WARN_64_TO_32_BIT_CONVERSION = YES;
				GCC_WARN_ABOUT_RETURN_TYPE = YES_ERROR;
				GCC_WARN_UNDECLARED_SELECTOR = YES;
				GCC_WARN_UNINITIALIZED_AUTOS = YES;
				GCC_WARN_UNUSED_FUNCTION = YES;
				GCC_WARN_UNUSED_VARIABLE = YES;
				IPHONEOS_DEPLOYMENT_TARGET = 7.0;
				ONLY_ACTIVE_ARCH = YES;
				SDKROOT = iphoneos;
			};
			name = Debug;
		};
		6EBD79BA1822BCBC00A63EDC /* Release */ = {
			isa = XCBuildConfiguration;
			buildSettings = {
				ALWAYS_SEARCH_USER_PATHS = NO;
				CLANG_CXX_LANGUAGE_STANDARD = "gnu++0x";
				CLANG_CXX_LIBRARY = "libc++";
				CLANG_ENABLE_MODULES = YES;
				CLANG_ENABLE_OBJC_ARC = YES;
				CLANG_WARN_BOOL_CONVERSION = YES;
				CLANG_WARN_CONSTANT_CONVERSION = YES;
				CLANG_WARN_DIRECT_OBJC_ISA_USAGE = YES_ERROR;
				CLANG_WARN_EMPTY_BODY = YES;
				CLANG_WARN_ENUM_CONVERSION = YES;
				CLANG_WARN_INT_CONVERSION = YES;
				CLANG_WARN_OBJC_ROOT_CLASS = YES_ERROR;
				CLANG_WARN__DUPLICATE_METHOD_MATCH = YES;
				COPY_PHASE_STRIP = YES;
				ENABLE_NS_ASSERTIONS = NO;
				GCC_C_LANGUAGE_STANDARD = gnu99;
				GCC_WARN_64_TO_32_BIT_CONVERSION = YES;
				GCC_WARN_ABOUT_RETURN_TYPE = YES_ERROR;
				GCC_WARN_UNDECLARED_SELECTOR = YES;
				GCC_WARN_UNINITIALIZED_AUTOS = YES;
				GCC_WARN_UNUSED_FUNCTION = YES;
				GCC_WARN_UNUSED_VARIABLE = YES;
				IPHONEOS_DEPLOYMENT_TARGET = 7.0;
				SDKROOT = iphoneos;
				VALIDATE_PRODUCT = YES;
			};
			name = Release;
		};
		6EBD79BC1822BCBC00A63EDC /* Debug */ = {
			isa = XCBuildConfiguration;
			buildSettings = {
				COMBINE_HIDPI_IMAGES = YES;
				DEAD_CODE_STRIPPING = NO;
				FRAMEWORK_VERSION = A;
				GCC_GENERATE_DEBUGGING_SYMBOLS = NO;
				GCC_PRECOMPILE_PREFIX_HEADER = YES;
				GCC_PREFIX_HEADER = "IPaGLEngine/IPaGLEngine-Prefix.pch";
				INFOPLIST_FILE = "IPaGLEngine/IPaGLEngine-Info.plist";
				INSTALL_PATH = " $(BUILT_PRODUCTS_DIR)";
				LINK_WITH_STANDARD_LIBRARIES = NO;
				MACH_O_TYPE = mh_object;
				PRODUCT_NAME = "$(TARGET_NAME)";
				SKIP_INSTALL = YES;
				WRAPPER_EXTENSION = framework;
			};
			name = Debug;
		};
		6EBD79BD1822BCBC00A63EDC /* Release */ = {
			isa = XCBuildConfiguration;
			buildSettings = {
				COMBINE_HIDPI_IMAGES = YES;
				DEAD_CODE_STRIPPING = NO;
				FRAMEWORK_VERSION = A;
				GCC_GENERATE_DEBUGGING_SYMBOLS = NO;
				GCC_PRECOMPILE_PREFIX_HEADER = YES;
				GCC_PREFIX_HEADER = "IPaGLEngine/IPaGLEngine-Prefix.pch";
				INFOPLIST_FILE = "IPaGLEngine/IPaGLEngine-Info.plist";
				INSTALL_PATH = " $(BUILT_PRODUCTS_DIR)";
				LINK_WITH_STANDARD_LIBRARIES = NO;
				MACH_O_TYPE = mh_object;
				PRODUCT_NAME = "$(TARGET_NAME)";
				SKIP_INSTALL = YES;
				WRAPPER_EXTENSION = framework;
			};
			name = Release;
		};
		6EBD79BF1822BCBC00A63EDC /* Debug */ = {
			isa = XCBuildConfiguration;
			buildSettings = {
				PRODUCT_NAME = IPaGLEngine;
			};
			name = Debug;
		};
		6EBD79C01822BCBC00A63EDC /* Release */ = {
			isa = XCBuildConfiguration;
			buildSettings = {
				PRODUCT_NAME = IPaGLEngine;
			};
			name = Release;
		};
/* End XCBuildConfiguration section */

/* Begin XCConfigurationList section */
		6EBD79A81822BCBC00A63EDC /* Build configuration list for PBXProject "IPaGLEngine" */ = {
			isa = XCConfigurationList;
			buildConfigurations = (
				6EBD79B91822BCBC00A63EDC /* Debug */,
				6EBD79BA1822BCBC00A63EDC /* Release */,
			);
			defaultConfigurationIsVisible = 0;
			defaultConfigurationName = Release;
		};
		6EBD79BB1822BCBC00A63EDC /* Build configuration list for PBXNativeTarget "IPaGLEngine" */ = {
			isa = XCConfigurationList;
			buildConfigurations = (
				6EBD79BC1822BCBC00A63EDC /* Debug */,
				6EBD79BD1822BCBC00A63EDC /* Release */,
			);
			defaultConfigurationIsVisible = 0;
			defaultConfigurationName = Release;
		};
		6EBD79BE1822BCBC00A63EDC /* Build configuration list for PBXAggregateTarget "IPaGLEngineUniversalFramework" */ = {
			isa = XCConfigurationList;
			buildConfigurations = (
				6EBD79BF1822BCBC00A63EDC /* Debug */,
				6EBD79C01822BCBC00A63EDC /* Release */,
			);
			defaultConfigurationIsVisible = 0;
			defaultConfigurationName = Release;
		};
/* End XCConfigurationList section */
	};
	rootObject = 6EBD79A51822BCBC00A63EDC /* Project object */;
}
