// !$*UTF8*$!
{
	archiveVersion = 1;
	classes = {
	};
	objectVersion = 46;
	objects = {

/* Begin PBXBuildFile section */
		6E67FE1C16A15E3A00E94CFE /* Foundation.framework in Frameworks */ = {isa = PBXBuildFile; fileRef = 6E67FE1B16A15E3A00E94CFE /* Foundation.framework */; };
		6E67FE2116A15E3A00E94CFE /* IPaWavefrontObjLoader.h in CopyFiles */ = {isa = PBXBuildFile; fileRef = 6E67FE2016A15E3A00E94CFE /* IPaWavefrontObjLoader.h */; };
		6E67FE2316A15E3A00E94CFE /* IPaWavefrontObjLoader.m in Sources */ = {isa = PBXBuildFile; fileRef = 6E67FE2216A15E3A00E94CFE /* IPaWavefrontObjLoader.m */; };
/* End PBXBuildFile section */

/* Begin PBXCopyFilesBuildPhase section */
		6E67FE1616A15E3A00E94CFE /* CopyFiles */ = {
			isa = PBXCopyFilesBuildPhase;
			buildActionMask = 2147483647;
			dstPath = "include/${PRODUCT_NAME}";
			dstSubfolderSpec = 16;
			files = (
				6E67FE2116A15E3A00E94CFE /* IPaWavefrontObjLoader.h in CopyFiles */,
			);
			runOnlyForDeploymentPostprocessing = 0;
		};
/* End PBXCopyFilesBuildPhase section */

/* Begin PBXFileReference section */
		6E67FE1816A15E3A00E94CFE /* libIPaWavefrontObjLoader.a */ = {isa = PBXFileReference; explicitFileType = archive.ar; includeInIndex = 0; path = libIPaWavefrontObjLoader.a; sourceTree = BUILT_PRODUCTS_DIR; };
		6E67FE1B16A15E3A00E94CFE /* Foundation.framework */ = {isa = PBXFileReference; lastKnownFileType = wrapper.framework; name = Foundation.framework; path = System/Library/Frameworks/Foundation.framework; sourceTree = SDKROOT; };
		6E67FE1F16A15E3A00E94CFE /* IPaWavefrontObjLoader-Prefix.pch */ = {isa = PBXFileReference; lastKnownFileType = sourcecode.c.h; path = "IPaWavefrontObjLoader-Prefix.pch"; sourceTree = "<group>"; };
		6E67FE2016A15E3A00E94CFE /* IPaWavefrontObjLoader.h */ = {isa = PBXFileReference; lastKnownFileType = sourcecode.c.h; path = IPaWavefrontObjLoader.h; sourceTree = "<group>"; };
		6E67FE2216A15E3A00E94CFE /* IPaWavefrontObjLoader.m */ = {isa = PBXFileReference; lastKnownFileType = sourcecode.c.objc; path = IPaWavefrontObjLoader.m; sourceTree = "<group>"; };
/* End PBXFileReference section */

/* Begin PBXFrameworksBuildPhase section */
		6E67FE1516A15E3A00E94CFE /* Frameworks */ = {
			isa = PBXFrameworksBuildPhase;
			buildActionMask = 2147483647;
			files = (
				6E67FE1C16A15E3A00E94CFE /* Foundation.framework in Frameworks */,
			);
			runOnlyForDeploymentPostprocessing = 0;
		};
/* End PBXFrameworksBuildPhase section */

/* Begin PBXGroup section */
		6E67FE0D16A15E3A00E94CFE = {
			isa = PBXGroup;
			children = (
				6E67FE1D16A15E3A00E94CFE /* IPaWavefrontObjLoader */,
				6E67FE1A16A15E3A00E94CFE /* Frameworks */,
				6E67FE1916A15E3A00E94CFE /* Products */,
			);
			sourceTree = "<group>";
		};
		6E67FE1916A15E3A00E94CFE /* Products */ = {
			isa = PBXGroup;
			children = (
				6E67FE1816A15E3A00E94CFE /* libIPaWavefrontObjLoader.a */,
			);
			name = Products;
			sourceTree = "<group>";
		};
		6E67FE1A16A15E3A00E94CFE /* Frameworks */ = {
			isa = PBXGroup;
			children = (
				6E67FE1B16A15E3A00E94CFE /* Foundation.framework */,
			);
			name = Frameworks;
			sourceTree = "<group>";
		};
		6E67FE1D16A15E3A00E94CFE /* IPaWavefrontObjLoader */ = {
			isa = PBXGroup;
			children = (
				6E67FE2016A15E3A00E94CFE /* IPaWavefrontObjLoader.h */,
				6E67FE2216A15E3A00E94CFE /* IPaWavefrontObjLoader.m */,
				6E67FE1E16A15E3A00E94CFE /* Supporting Files */,
			);
			path = IPaWavefrontObjLoader;
			sourceTree = "<group>";
		};
		6E67FE1E16A15E3A00E94CFE /* Supporting Files */ = {
			isa = PBXGroup;
			children = (
				6E67FE1F16A15E3A00E94CFE /* IPaWavefrontObjLoader-Prefix.pch */,
			);
			name = "Supporting Files";
			sourceTree = "<group>";
		};
/* End PBXGroup section */

/* Begin PBXNativeTarget section */
		6E67FE1716A15E3A00E94CFE /* IPaWavefrontObjLoader */ = {
			isa = PBXNativeTarget;
			buildConfigurationList = 6E67FE2616A15E3A00E94CFE /* Build configuration list for PBXNativeTarget "IPaWavefrontObjLoader" */;
			buildPhases = (
				6E67FE1416A15E3A00E94CFE /* Sources */,
				6E67FE1516A15E3A00E94CFE /* Frameworks */,
				6E67FE1616A15E3A00E94CFE /* CopyFiles */,
			);
			buildRules = (
			);
			dependencies = (
			);
			name = IPaWavefrontObjLoader;
			productName = IPaWavefrontObjLoader;
			productReference = 6E67FE1816A15E3A00E94CFE /* libIPaWavefrontObjLoader.a */;
			productType = "com.apple.product-type.library.static";
		};
/* End PBXNativeTarget section */

/* Begin PBXProject section */
		6E67FE0F16A15E3A00E94CFE /* Project object */ = {
			isa = PBXProject;
			attributes = {
				LastUpgradeCheck = 0450;
				ORGANIZATIONNAME = IPaPa;
			};
			buildConfigurationList = 6E67FE1216A15E3A00E94CFE /* Build configuration list for PBXProject "IPaWavefrontObjLoader" */;
			compatibilityVersion = "Xcode 3.2";
			developmentRegion = English;
			hasScannedForEncodings = 0;
			knownRegions = (
				en,
			);
			mainGroup = 6E67FE0D16A15E3A00E94CFE;
			productRefGroup = 6E67FE1916A15E3A00E94CFE /* Products */;
			projectDirPath = "";
			projectRoot = "";
			targets = (
				6E67FE1716A15E3A00E94CFE /* IPaWavefrontObjLoader */,
			);
		};
/* End PBXProject section */

/* Begin PBXSourcesBuildPhase section */
		6E67FE1416A15E3A00E94CFE /* Sources */ = {
			isa = PBXSourcesBuildPhase;
			buildActionMask = 2147483647;
			files = (
				6E67FE2316A15E3A00E94CFE /* IPaWavefrontObjLoader.m in Sources */,
			);
			runOnlyForDeploymentPostprocessing = 0;
		};
/* End PBXSourcesBuildPhase section */

/* Begin XCBuildConfiguration section */
		6E67FE2416A15E3A00E94CFE /* Debug */ = {
			isa = XCBuildConfiguration;
			buildSettings = {
				ALWAYS_SEARCH_USER_PATHS = NO;
				CLANG_CXX_LANGUAGE_STANDARD = "gnu++0x";
				CLANG_CXX_LIBRARY = "libc++";
				CLANG_ENABLE_OBJC_ARC = YES;
				CLANG_WARN_EMPTY_BODY = YES;
				CLANG_WARN__DUPLICATE_METHOD_MATCH = YES;
				COPY_PHASE_STRIP = NO;
				GCC_C_LANGUAGE_STANDARD = gnu99;
				GCC_DYNAMIC_NO_PIC = NO;
				GCC_OPTIMIZATION_LEVEL = 0;
				GCC_PREPROCESSOR_DEFINITIONS = (
					"DEBUG=1",
					"$(inherited)",
				);
				GCC_SYMBOLS_PRIVATE_EXTERN = NO;
				GCC_WARN_ABOUT_RETURN_TYPE = YES;
				GCC_WARN_UNINITIALIZED_AUTOS = YES;
				GCC_WARN_UNUSED_VARIABLE = YES;
				IPHONEOS_DEPLOYMENT_TARGET = 6.0;
				ONLY_ACTIVE_ARCH = YES;
				SDKROOT = iphoneos;
			};
			name = Debug;
		};
		6E67FE2516A15E3A00E94CFE /* Release */ = {
			isa = XCBuildConfiguration;
			buildSettings = {
				ALWAYS_SEARCH_USER_PATHS = NO;
				CLANG_CXX_LANGUAGE_STANDARD = "gnu++0x";
				CLANG_CXX_LIBRARY = "libc++";
				CLANG_ENABLE_OBJC_ARC = YES;
				CLANG_WARN_EMPTY_BODY = YES;
				CLANG_WARN__DUPLICATE_METHOD_MATCH = YES;
				COPY_PHASE_STRIP = YES;
				GCC_C_LANGUAGE_STANDARD = gnu99;
				GCC_WARN_ABOUT_RETURN_TYPE = YES;
				GCC_WARN_UNINITIALIZED_AUTOS = YES;
				GCC_WARN_UNUSED_VARIABLE = YES;
				IPHONEOS_DEPLOYMENT_TARGET = 6.0;
				SDKROOT = iphoneos;
				VALIDATE_PRODUCT = YES;
			};
			name = Release;
		};
		6E67FE2716A15E3A00E94CFE /* Debug */ = {
			isa = XCBuildConfiguration;
			buildSettings = {
				DSTROOT = /tmp/IPaWavefrontObjLoader.dst;
				GCC_PRECOMPILE_PREFIX_HEADER = YES;
				GCC_PREFIX_HEADER = "IPaWavefrontObjLoader/IPaWavefrontObjLoader-Prefix.pch";
				HEADER_SEARCH_PATHS = "\"$(SRCROOT)/../IPaGLObject/IPaGLObject/\"/**";
				LIBRARY_SEARCH_PATHS = "";
				OTHER_LDFLAGS = "-ObjC";
				PRODUCT_NAME = "$(TARGET_NAME)";
				SKIP_INSTALL = YES;
			};
			name = Debug;
		};
		6E67FE2816A15E3A00E94CFE /* Release */ = {
			isa = XCBuildConfiguration;
			buildSettings = {
				DSTROOT = /tmp/IPaWavefrontObjLoader.dst;
				GCC_PRECOMPILE_PREFIX_HEADER = YES;
				GCC_PREFIX_HEADER = "IPaWavefrontObjLoader/IPaWavefrontObjLoader-Prefix.pch";
				HEADER_SEARCH_PATHS = "\"$(SRCROOT)/../IPaGLObject/IPaGLObject/\"/**";
				LIBRARY_SEARCH_PATHS = "";
				OTHER_LDFLAGS = "-ObjC";
				PRODUCT_NAME = "$(TARGET_NAME)";
				SKIP_INSTALL = YES;
			};
			name = Release;
		};
/* End XCBuildConfiguration section */

/* Begin XCConfigurationList section */
		6E67FE1216A15E3A00E94CFE /* Build configuration list for PBXProject "IPaWavefrontObjLoader" */ = {
			isa = XCConfigurationList;
			buildConfigurations = (
				6E67FE2416A15E3A00E94CFE /* Debug */,
				6E67FE2516A15E3A00E94CFE /* Release */,
			);
			defaultConfigurationIsVisible = 0;
			defaultConfigurationName = Release;
		};
		6E67FE2616A15E3A00E94CFE /* Build configuration list for PBXNativeTarget "IPaWavefrontObjLoader" */ = {
			isa = XCConfigurationList;
			buildConfigurations = (
				6E67FE2716A15E3A00E94CFE /* Debug */,
				6E67FE2816A15E3A00E94CFE /* Release */,
			);
			defaultConfigurationIsVisible = 0;
		};
/* End XCConfigurationList section */
	};
	rootObject = 6E67FE0F16A15E3A00E94CFE /* Project object */;
}
